// !$*UTF8*$!
{
	archiveVersion = 1;
	classes = {
	};
	objectVersion = 46;
	objects = {

/* Begin PBXAggregateTarget section */
		6527060011323092009615CB /* Generate API documentation */ = {
			isa = PBXAggregateTarget;
			buildConfigurationList = 65270603113230B0009615CB /* Build configuration list for PBXAggregateTarget "Generate API documentation" */;
			buildPhases = (
				652705FF11323092009615CB /* ShellScript */,
			);
			dependencies = (
				6527061111323358009615CB /* PBXTargetDependency */,
			);
			name = "Generate API documentation";
			productName = "Generate API";
		};
		659F701410F7038600822900 /* Create distribution file */ = {
			isa = PBXAggregateTarget;
			buildConfigurationList = 659F701710F703A500822900 /* Build configuration list for PBXAggregateTarget "Create distribution file" */;
			buildPhases = (
				659F701310F7038600822900 /* ShellScript */,
			);
			dependencies = (
				652706131132336B009615CB /* PBXTargetDependency */,
			);
			name = "Create distribution file";
			productName = "Dmg results";
		};
/* End PBXAggregateTarget section */

/* Begin PBXBuildFile section */
		650E72B610AADB7500CE8A8E /* DCXmlParserTests.m in Sources */ = {isa = PBXBuildFile; fileRef = 650E72B510AADB7500CE8A8E /* DCXmlParserTests.m */; };
		6514BAAD113757C30089BBED /* OCMock.framework in Frameworks */ = {isa = PBXBuildFile; fileRef = 651D560C113756E500546756 /* OCMock.framework */; };
		6514BB62113757EA0089BBED /* libGHUnitIPhone3_0.a in Frameworks */ = {isa = PBXBuildFile; fileRef = 657B4E7A110DBAED00747B38 /* libGHUnitIPhone3_0.a */; };
		6514BB6B11375B730089BBED /* CoreGraphics.framework in Frameworks */ = {isa = PBXBuildFile; fileRef = 65E647EC10955FCA0055AA46 /* CoreGraphics.framework */; };
		6514BB6C11375B740089BBED /* Foundation.framework in Frameworks */ = {isa = PBXBuildFile; fileRef = AACBBE490F95108600F1A2B1 /* Foundation.framework */; };
		6514BB6D11375B760089BBED /* UIKit.framework in Frameworks */ = {isa = PBXBuildFile; fileRef = 655E14F710CE0D7F00D8E6D1 /* UIKit.framework */; };
		65160801109A9D17002BE0D0 /* DCXmlAttribute.h in Headers */ = {isa = PBXBuildFile; fileRef = 651607FE109A9D17002BE0D0 /* DCXmlAttribute.h */; settings = {ATTRIBUTES = (Public, ); }; };
		65160802109A9D17002BE0D0 /* DCXmlAttribute.m in Sources */ = {isa = PBXBuildFile; fileRef = 651607FF109A9D17002BE0D0 /* DCXmlAttribute.m */; };
		6516081A109AA0FF002BE0D0 /* DCXmlAttributeTests.m in Sources */ = {isa = PBXBuildFile; fileRef = 65160817109AA0FF002BE0D0 /* DCXmlAttributeTests.m */; };
		65160995109B0C8A002BE0D0 /* DCXmlDocument.h in Headers */ = {isa = PBXBuildFile; fileRef = 65160992109B0C8A002BE0D0 /* DCXmlDocument.h */; settings = {ATTRIBUTES = (Public, ); }; };
		65160996109B0C8A002BE0D0 /* DCXmlDocument.m in Sources */ = {isa = PBXBuildFile; fileRef = 65160993109B0C8A002BE0D0 /* DCXmlDocument.m */; };
		65320BAF10BCF0230056BDDF /* DCXmlDocumentParserDelegate.h in Headers */ = {isa = PBXBuildFile; fileRef = 65320BAD10BCF0230056BDDF /* DCXmlDocumentParserDelegate.h */; settings = {ATTRIBUTES = (Public, ); }; };
		65320BB010BCF0230056BDDF /* DCXmlDocumentParserDelegate.m in Sources */ = {isa = PBXBuildFile; fileRef = 65320BAE10BCF0230056BDDF /* DCXmlDocumentParserDelegate.m */; };
		6532522810BE4DFE00007475 /* DCSoapWebserviceConnectionTests.m in Sources */ = {isa = PBXBuildFile; fileRef = 6532522710BE4DFE00007475 /* DCSoapWebserviceConnectionTests.m */; };
		65480AA211152A660094CD0B /* DCXPathAbstractSelectorTests.m in Sources */ = {isa = PBXBuildFile; fileRef = 65480AA111152A660094CD0B /* DCXPathAbstractSelectorTests.m */; };
		654CC692111ECEA2000209D8 /* DCXPathSubtreeSelector.m in Sources */ = {isa = PBXBuildFile; fileRef = 654CC691111ECEA2000209D8 /* DCXPathSubtreeSelector.m */; };
		654CC69A111ECFC1000209D8 /* DCXPathSubtreeSelectorTests.m in Sources */ = {isa = PBXBuildFile; fileRef = 654CC699111ECFC1000209D8 /* DCXPathSubtreeSelectorTests.m */; };
		654CC708111EF863000209D8 /* DCXPathSubtreeSelector.m in Sources */ = {isa = PBXBuildFile; fileRef = 654CC691111ECEA2000209D8 /* DCXPathSubtreeSelector.m */; };
		654EE4FB10FB671B0023F57D /* DCUrlConnectionIntegrationTests.m in Sources */ = {isa = PBXBuildFile; fileRef = 655E114610CCC4A400D8E6D1 /* DCUrlConnectionIntegrationTests.m */; };
		654EE4FC10FB67240023F57D /* DCSoapWebserviceIntegrationTests.m in Sources */ = {isa = PBXBuildFile; fileRef = 655E111710CCC1E500D8E6D1 /* DCSoapWebserviceIntegrationTests.m */; };
		654EE4FD10FB678E0023F57D /* DCDMNode.m in Sources */ = {isa = PBXBuildFile; fileRef = 65F07E4F10D5E7AE0057AD6C /* DCDMNode.m */; };
		654EE4FE10FB678E0023F57D /* DCTextNode.m in Sources */ = {isa = PBXBuildFile; fileRef = 65894D1D10D515F500AF89C0 /* DCTextNode.m */; };
		654EE4FF10FB678E0023F57D /* DCXmlAttribute.m in Sources */ = {isa = PBXBuildFile; fileRef = 651607FF109A9D17002BE0D0 /* DCXmlAttribute.m */; };
		654EE50010FB678E0023F57D /* DCXmlDocument.m in Sources */ = {isa = PBXBuildFile; fileRef = 65160993109B0C8A002BE0D0 /* DCXmlDocument.m */; };
		654EE50110FB678E0023F57D /* DCXmlNamespace.m in Sources */ = {isa = PBXBuildFile; fileRef = 65F7480F10BB9B330030ABA4 /* DCXmlNamespace.m */; };
		654EE50210FB678E0023F57D /* DCXmlNode.m in Sources */ = {isa = PBXBuildFile; fileRef = 65894D3110D51A8D00AF89C0 /* DCXmlNode.m */; };
		654EE50310FB678E0023F57D /* NSObject+SoapTemplates.m in Sources */ = {isa = PBXBuildFile; fileRef = 65C4F72110C8BA5F009DB40E /* NSObject+SoapTemplates.m */; };
		654EE50410FB678E0023F57D /* DCNoSecurity.m in Sources */ = {isa = PBXBuildFile; fileRef = 65C4F68310C8A1DE009DB40E /* DCNoSecurity.m */; };
		654EE50510FB678E0023F57D /* DCSecurity.m in Sources */ = {isa = PBXBuildFile; fileRef = 65C4F82D10C8DEC1009DB40E /* DCSecurity.m */; };
		654EE50610FB678E0023F57D /* DCUseridPasswordSecurity.m in Sources */ = {isa = PBXBuildFile; fileRef = 65C4F6E810C8B69E009DB40E /* DCUseridPasswordSecurity.m */; };
		654EE50710FB678E0023F57D /* DCUrlConnection+NSURLConnectionDelegate.m in Sources */ = {isa = PBXBuildFile; fileRef = 655E11D910CCCFEE00D8E6D1 /* DCUrlConnection+NSURLConnectionDelegate.m */; };
		654EE50810FB678E0023F57D /* DCUrlConnection.m in Sources */ = {isa = PBXBuildFile; fileRef = 65BB81AA10CC82D900959C05 /* DCUrlConnection.m */; };
		654EE50C10FB678E0023F57D /* DCWebServiceResponse.m in Sources */ = {isa = PBXBuildFile; fileRef = 65FC480F10BE2EA90094492E /* DCWebServiceResponse.m */; };
		654EE50D10FB678E0023F57D /* DCXmlDocumentParserDelegate.m in Sources */ = {isa = PBXBuildFile; fileRef = 65320BAE10BCF0230056BDDF /* DCXmlDocumentParserDelegate.m */; };
		654EE50F10FB678E0023F57D /* DCXmlSubtreeParserDelegate.m in Sources */ = {isa = PBXBuildFile; fileRef = 65DAB53510B179CE00207E87 /* DCXmlSubtreeParserDelegate.m */; };
		654EE51010FB678E0023F57D /* DCSoapWebServiceConnection.m in Sources */ = {isa = PBXBuildFile; fileRef = 65FC480A10BE2C790094492E /* DCSoapWebServiceConnection.m */; };
		654EE51110FB678E0023F57D /* DCXmlParser.m in Sources */ = {isa = PBXBuildFile; fileRef = 65F4613910941768008AF68E /* DCXmlParser.m */; };
		655E114D10CCC52B00D8E6D1 /* DCUrlConnectionTests.m in Sources */ = {isa = PBXBuildFile; fileRef = 655E110010CCAFCC00D8E6D1 /* DCUrlConnectionTests.m */; };
		655E114F10CCC55A00D8E6D1 /* DCUseridPasswordSecurity.m in Sources */ = {isa = PBXBuildFile; fileRef = 65C4F6E810C8B69E009DB40E /* DCUseridPasswordSecurity.m */; };
		655E115010CCC55A00D8E6D1 /* DCUseridPasswordSecurity.h in Headers */ = {isa = PBXBuildFile; fileRef = 65C4F6E710C8B69E009DB40E /* DCUseridPasswordSecurity.h */; settings = {ATTRIBUTES = (Public, ); }; };
		655E147510CE06C500D8E6D1 /* DCUrlConnection+NSURLConnectionDelegateTests.m in Sources */ = {isa = PBXBuildFile; fileRef = 655E147410CE06C500D8E6D1 /* DCUrlConnection+NSURLConnectionDelegateTests.m */; };
		655E153910CE0DE100D8E6D1 /* UIKit.framework in Frameworks */ = {isa = PBXBuildFile; fileRef = 655E14F710CE0D7F00D8E6D1 /* UIKit.framework */; };
		656047D411046FA300BE761F /* ChangeLog.markdown in CopyFiles */ = {isa = PBXBuildFile; fileRef = 654EE4AD10FB5CF60023F57D /* ChangeLog.markdown */; };
		656049F311047D0400BE761F /* NSError+SoapFault.m in Sources */ = {isa = PBXBuildFile; fileRef = 656049F211047D0400BE761F /* NSError+SoapFault.m */; };
		656049F411047D0400BE761F /* NSError+SoapFault.h in Headers */ = {isa = PBXBuildFile; fileRef = 656049F111047D0400BE761F /* NSError+SoapFault.h */; settings = {ATTRIBUTES = (Public, ); }; };
		656049F511047D0400BE761F /* NSError+SoapFault.m in Sources */ = {isa = PBXBuildFile; fileRef = 656049F211047D0400BE761F /* NSError+SoapFault.m */; };
		656049F611047D0400BE761F /* NSError+SoapFault.m in Sources */ = {isa = PBXBuildFile; fileRef = 656049F211047D0400BE761F /* NSError+SoapFault.m */; };
		6568477B10D669080031C348 /* DCTextNodeTests.m in Sources */ = {isa = PBXBuildFile; fileRef = 6568477910D669080031C348 /* DCTextNodeTests.m */; };
		6568478D10D66A6D0031C348 /* DCXmlNamespaceTests.m in Sources */ = {isa = PBXBuildFile; fileRef = 6568478B10D66A6D0031C348 /* DCXmlNamespaceTests.m */; };
		6568497310D73EA60031C348 /* DCUrlConnection+NSURLConnectionDelegate.m in Sources */ = {isa = PBXBuildFile; fileRef = 655E11D910CCCFEE00D8E6D1 /* DCUrlConnection+NSURLConnectionDelegate.m */; };
		6568497510D73EA70031C348 /* DCSecurity.m in Sources */ = {isa = PBXBuildFile; fileRef = 65C4F82D10C8DEC1009DB40E /* DCSecurity.m */; };
		6568497710D73EA90031C348 /* DCTextNode.m in Sources */ = {isa = PBXBuildFile; fileRef = 65894D1D10D515F500AF89C0 /* DCTextNode.m */; };
		6568497810D73EA90031C348 /* DCXmlParser.m in Sources */ = {isa = PBXBuildFile; fileRef = 65F4613910941768008AF68E /* DCXmlParser.m */; };
		6568497910D73EAA0031C348 /* DCWebServiceResponse.m in Sources */ = {isa = PBXBuildFile; fileRef = 65FC480F10BE2EA90094492E /* DCWebServiceResponse.m */; };
		6568497A10D73EAA0031C348 /* DCUrlConnection.m in Sources */ = {isa = PBXBuildFile; fileRef = 65BB81AA10CC82D900959C05 /* DCUrlConnection.m */; };
		6568497B10D73EAB0031C348 /* DCXmlNamespace.m in Sources */ = {isa = PBXBuildFile; fileRef = 65F7480F10BB9B330030ABA4 /* DCXmlNamespace.m */; };
		6568497C10D73EAD0031C348 /* DCUseridPasswordSecurity.m in Sources */ = {isa = PBXBuildFile; fileRef = 65C4F6E810C8B69E009DB40E /* DCUseridPasswordSecurity.m */; };
		6568497D10D73EAD0031C348 /* NSObject+SoapTemplates.m in Sources */ = {isa = PBXBuildFile; fileRef = 65C4F72110C8BA5F009DB40E /* NSObject+SoapTemplates.m */; };
		6568497E10D73EAE0031C348 /* DCXmlDocumentParserDelegate.m in Sources */ = {isa = PBXBuildFile; fileRef = 65320BAE10BCF0230056BDDF /* DCXmlDocumentParserDelegate.m */; };
		6568497F10D73EAE0031C348 /* DCXmlAttribute.m in Sources */ = {isa = PBXBuildFile; fileRef = 651607FF109A9D17002BE0D0 /* DCXmlAttribute.m */; };
		6568498010D73EAF0031C348 /* DCXmlNode.m in Sources */ = {isa = PBXBuildFile; fileRef = 65894D3110D51A8D00AF89C0 /* DCXmlNode.m */; };
		6568498110D73EB00031C348 /* DCNoSecurity.m in Sources */ = {isa = PBXBuildFile; fileRef = 65C4F68310C8A1DE009DB40E /* DCNoSecurity.m */; };
		6568498310D73EB20031C348 /* DCSoapWebServiceConnection.m in Sources */ = {isa = PBXBuildFile; fileRef = 65FC480A10BE2C790094492E /* DCSoapWebServiceConnection.m */; };
		6568498410D73EB30031C348 /* DCXmlDocument.m in Sources */ = {isa = PBXBuildFile; fileRef = 65160993109B0C8A002BE0D0 /* DCXmlDocument.m */; };
		6568498510D73EB40031C348 /* DCXmlSubtreeParserDelegate.m in Sources */ = {isa = PBXBuildFile; fileRef = 65DAB53510B179CE00207E87 /* DCXmlSubtreeParserDelegate.m */; };
		657B48B31107D26500747B38 /* DCXPathExecutorTests.m in Sources */ = {isa = PBXBuildFile; fileRef = 657B48B21107D26500747B38 /* DCXPathExecutorTests.m */; };
		657B48B61107D2F600747B38 /* DCXmlNode+AsString.m in Sources */ = {isa = PBXBuildFile; fileRef = 657B48B51107D2F600747B38 /* DCXmlNode+AsString.m */; };
		657B48B71107D2F600747B38 /* DCXmlNode+AsString.h in Headers */ = {isa = PBXBuildFile; fileRef = 657B48B41107D2F600747B38 /* DCXmlNode+AsString.h */; settings = {ATTRIBUTES = (Public, ); }; };
		657B48B81107D2F600747B38 /* DCXmlNode+AsString.m in Sources */ = {isa = PBXBuildFile; fileRef = 657B48B51107D2F600747B38 /* DCXmlNode+AsString.m */; };
		657B48B91107D2F600747B38 /* DCXmlNode+AsString.m in Sources */ = {isa = PBXBuildFile; fileRef = 657B48B51107D2F600747B38 /* DCXmlNode+AsString.m */; };
		657B48BF1107D51B00747B38 /* DCXmlNode+AsStringTests.m in Sources */ = {isa = PBXBuildFile; fileRef = 657B48BE1107D51B00747B38 /* DCXmlNode+AsStringTests.m */; };
		657B4AA61109627100747B38 /* InternetTests.m in Sources */ = {isa = PBXBuildFile; fileRef = 657B4A971109616500747B38 /* InternetTests.m */; };
		657B4D55110C7B9900747B38 /* DCXPathExecutor.h in Headers */ = {isa = PBXBuildFile; fileRef = 657B4D53110C7B9900747B38 /* DCXPathExecutor.h */; settings = {ATTRIBUTES = (Public, ); }; };
		657B4D56110C7B9900747B38 /* DCXPathExecutor.m in Sources */ = {isa = PBXBuildFile; fileRef = 657B4D54110C7B9900747B38 /* DCXPathExecutor.m */; };
		657B4D70110C809000747B38 /* DCXPathExecutor.m in Sources */ = {isa = PBXBuildFile; fileRef = 657B4D54110C7B9900747B38 /* DCXPathExecutor.m */; };
		657B4D71110C809C00747B38 /* DCXPathExecutor.m in Sources */ = {isa = PBXBuildFile; fileRef = 657B4D54110C7B9900747B38 /* DCXPathExecutor.m */; };
		657B4E07110DAF5500747B38 /* DCXPathRootSelector.h in Headers */ = {isa = PBXBuildFile; fileRef = 657B4E05110DAF5500747B38 /* DCXPathRootSelector.h */; settings = {ATTRIBUTES = (Public, ); }; };
		657B4E08110DAF5500747B38 /* DCXPathRootSelector.m in Sources */ = {isa = PBXBuildFile; fileRef = 657B4E06110DAF5500747B38 /* DCXPathRootSelector.m */; };
		657B4E37110DB72500747B38 /* DCXPathRootSelectorTests.m in Sources */ = {isa = PBXBuildFile; fileRef = 657B4E36110DB72500747B38 /* DCXPathRootSelectorTests.m */; };
		657B4E39110DB72A00747B38 /* DCXPathRootSelector.m in Sources */ = {isa = PBXBuildFile; fileRef = 657B4E06110DAF5500747B38 /* DCXPathRootSelector.m */; };
		657B4E3A110DB73100747B38 /* DCXPathRootSelector.m in Sources */ = {isa = PBXBuildFile; fileRef = 657B4E06110DAF5500747B38 /* DCXPathRootSelector.m */; };
		657B4E7D110DBAED00747B38 /* GHUnitIPhoneTestMain.m in Sources */ = {isa = PBXBuildFile; fileRef = 657B4E78110DBAED00747B38 /* GHUnitIPhoneTestMain.m */; };
		657B4E8E110DBAEE00747B38 /* GHUnitIPhoneTestMain.m in Sources */ = {isa = PBXBuildFile; fileRef = 657B4E78110DBAED00747B38 /* GHUnitIPhoneTestMain.m */; };
		657B4E8F110DBAEE00747B38 /* libGHUnitIPhone3_0.a in Frameworks */ = {isa = PBXBuildFile; fileRef = 657B4E7A110DBAED00747B38 /* libGHUnitIPhone3_0.a */; };
		657B4EB4110DBBC600747B38 /* DCDMNode.m in Sources */ = {isa = PBXBuildFile; fileRef = 65F07E4F10D5E7AE0057AD6C /* DCDMNode.m */; };
		657B4EE0110EA8D000747B38 /* DCXPathElementSelector.m in Sources */ = {isa = PBXBuildFile; fileRef = 657B4EDF110EA8D000747B38 /* DCXPathElementSelector.m */; };
		657B4EE1110EA8D000747B38 /* DCXPathElementSelector.h in Headers */ = {isa = PBXBuildFile; fileRef = 657B4EDE110EA8D000747B38 /* DCXPathElementSelector.h */; settings = {ATTRIBUTES = (Public, ); }; };
		657B4EE2110EA8D000747B38 /* DCXPathElementSelector.m in Sources */ = {isa = PBXBuildFile; fileRef = 657B4EDF110EA8D000747B38 /* DCXPathElementSelector.m */; };
		657B4EE3110EA8D000747B38 /* DCXPathElementSelector.m in Sources */ = {isa = PBXBuildFile; fileRef = 657B4EDF110EA8D000747B38 /* DCXPathElementSelector.m */; };
		65894D1E10D515F500AF89C0 /* DCTextNode.h in Headers */ = {isa = PBXBuildFile; fileRef = 65894D1C10D515F500AF89C0 /* DCTextNode.h */; settings = {ATTRIBUTES = (Public, ); }; };
		65894D1F10D515F500AF89C0 /* DCTextNode.m in Sources */ = {isa = PBXBuildFile; fileRef = 65894D1D10D515F500AF89C0 /* DCTextNode.m */; };
		65894D3210D51A8D00AF89C0 /* DCXmlNode.h in Headers */ = {isa = PBXBuildFile; fileRef = 65894D3010D51A8D00AF89C0 /* DCXmlNode.h */; settings = {ATTRIBUTES = (Public, ); }; };
		65894D3310D51A8D00AF89C0 /* DCXmlNode.m in Sources */ = {isa = PBXBuildFile; fileRef = 65894D3110D51A8D00AF89C0 /* DCXmlNode.m */; };
		659F700C10F7027600822900 /* ReadMe.markdown in CopyFiles */ = {isa = PBXBuildFile; fileRef = 659F700610F7024600822900 /* ReadMe.markdown */; };
		65B45CAF1110522E00CF9DF6 /* DCXPathAbstractSelector.h in Headers */ = {isa = PBXBuildFile; fileRef = 65B45CAD1110522E00CF9DF6 /* DCXPathAbstractSelector.h */; settings = {ATTRIBUTES = (Public, ); }; };
		65B45CB01110522E00CF9DF6 /* DCXPathAbstractSelector.m in Sources */ = {isa = PBXBuildFile; fileRef = 65B45CAE1110522E00CF9DF6 /* DCXPathAbstractSelector.m */; };
		65B45CB11110522E00CF9DF6 /* DCXPathAbstractSelector.m in Sources */ = {isa = PBXBuildFile; fileRef = 65B45CAE1110522E00CF9DF6 /* DCXPathAbstractSelector.m */; };
		65B45CB21110522E00CF9DF6 /* DCXPathAbstractSelector.m in Sources */ = {isa = PBXBuildFile; fileRef = 65B45CAE1110522E00CF9DF6 /* DCXPathAbstractSelector.m */; };
		65B45D1F11105D7E00CF9DF6 /* DCXPathIndexFilter.m in Sources */ = {isa = PBXBuildFile; fileRef = 65B45D1E11105D7E00CF9DF6 /* DCXPathIndexFilter.m */; };
		65B45D2011105D7E00CF9DF6 /* DCXPathIndexFilter.m in Sources */ = {isa = PBXBuildFile; fileRef = 65B45D1E11105D7E00CF9DF6 /* DCXPathIndexFilter.m */; };
		65B45D2111105D7E00CF9DF6 /* DCXPathIndexFilter.h in Headers */ = {isa = PBXBuildFile; fileRef = 65B45D1D11105D7E00CF9DF6 /* DCXPathIndexFilter.h */; settings = {ATTRIBUTES = (Public, ); }; };
		65B45D2211105D7E00CF9DF6 /* DCXPathIndexFilter.m in Sources */ = {isa = PBXBuildFile; fileRef = 65B45D1E11105D7E00CF9DF6 /* DCXPathIndexFilter.m */; };
		65B45D3411105F5300CF9DF6 /* DCXPathIndexFilterTests.m in Sources */ = {isa = PBXBuildFile; fileRef = 65B45D3211105F3D00CF9DF6 /* DCXPathIndexFilterTests.m */; };
		65BB81AC10CC82D900959C05 /* DCUrlConnection.h in Headers */ = {isa = PBXBuildFile; fileRef = 65BB81A910CC82D900959C05 /* DCUrlConnection.h */; settings = {ATTRIBUTES = (Public, ); }; };
		65BB81AD10CC82D900959C05 /* DCUrlConnection.m in Sources */ = {isa = PBXBuildFile; fileRef = 65BB81AA10CC82D900959C05 /* DCUrlConnection.m */; };
		65C4F66110C8923D009DB40E /* DCSecurity.h in Headers */ = {isa = PBXBuildFile; fileRef = 65C4F65F10C8923D009DB40E /* DCSecurity.h */; settings = {ATTRIBUTES = (Public, ); }; };
		65C4F68410C8A1DE009DB40E /* DCNoSecurity.h in Headers */ = {isa = PBXBuildFile; fileRef = 65C4F68210C8A1DE009DB40E /* DCNoSecurity.h */; settings = {ATTRIBUTES = (Public, ); }; };
		65C4F68510C8A1DE009DB40E /* DCNoSecurity.m in Sources */ = {isa = PBXBuildFile; fileRef = 65C4F68310C8A1DE009DB40E /* DCNoSecurity.m */; };
		65C4F6B510C8B3DB009DB40E /* DCSecurityTests.m in Sources */ = {isa = PBXBuildFile; fileRef = 65C4F6B410C8B3DB009DB40E /* DCSecurityTests.m */; };
		65C4F71410C8B856009DB40E /* DCUseridPasswordSecurityTests.m in Sources */ = {isa = PBXBuildFile; fileRef = 65C4F71310C8B856009DB40E /* DCUseridPasswordSecurityTests.m */; };
		65C4F72310C8BA5F009DB40E /* NSObject+SoapTemplates.h in Headers */ = {isa = PBXBuildFile; fileRef = 65C4F72010C8BA5F009DB40E /* NSObject+SoapTemplates.h */; settings = {ATTRIBUTES = (Public, ); }; };
		65C4F72410C8BA5F009DB40E /* NSObject+SoapTemplates.m in Sources */ = {isa = PBXBuildFile; fileRef = 65C4F72110C8BA5F009DB40E /* NSObject+SoapTemplates.m */; };
		65C4F82E10C8DEC1009DB40E /* DCSecurity.m in Sources */ = {isa = PBXBuildFile; fileRef = 65C4F82D10C8DEC1009DB40E /* DCSecurity.m */; };
		65CA5B891105681100BAB73A /* License.markdown in CopyFiles */ = {isa = PBXBuildFile; fileRef = 65CA5B82110566ED00BAB73A /* License.markdown */; };
		65CA5BC11105872D00BAB73A /* NSError+SoapFaultTests.m in Sources */ = {isa = PBXBuildFile; fileRef = 65CA5BC01105872D00BAB73A /* NSError+SoapFaultTests.m */; };
		65D0923010B92B2E0061CC61 /* DCXmlDocumentParserDelegateTests.m in Sources */ = {isa = PBXBuildFile; fileRef = 65D0922D10B92B2E0061CC61 /* DCXmlDocumentParserDelegateTests.m */; };
		65D0951610BA435A0061CC61 /* dXml.h in Headers */ = {isa = PBXBuildFile; fileRef = 65D0951510BA435A0061CC61 /* dXml.h */; settings = {ATTRIBUTES = (Public, ); }; };
		65D4AACA10D21FCA003E356D /* CoreGraphics.framework in Frameworks */ = {isa = PBXBuildFile; fileRef = 65E647EC10955FCA0055AA46 /* CoreGraphics.framework */; };
		65D4AB1810D21FD4003E356D /* Foundation.framework in Frameworks */ = {isa = PBXBuildFile; fileRef = AACBBE490F95108600F1A2B1 /* Foundation.framework */; };
		65D4ABD210D512C0003E356D /* DCDMNode.h in Headers */ = {isa = PBXBuildFile; fileRef = 65D4ABD110D512C0003E356D /* DCDMNode.h */; settings = {ATTRIBUTES = (Public, ); }; };
		65DAB53710B179CE00207E87 /* DCXmlSubtreeParserDelegate.h in Headers */ = {isa = PBXBuildFile; fileRef = 65DAB53410B179CE00207E87 /* DCXmlSubtreeParserDelegate.h */; settings = {ATTRIBUTES = (Public, ); }; };
		65DAB53810B179CE00207E87 /* DCXmlSubtreeParserDelegate.m in Sources */ = {isa = PBXBuildFile; fileRef = 65DAB53510B179CE00207E87 /* DCXmlSubtreeParserDelegate.m */; };
		65E6488D1095B7A40055AA46 /* DCXmlNodeTests.m in Sources */ = {isa = PBXBuildFile; fileRef = 65F461501094190D008AF68E /* DCXmlNodeTests.m */; };
		65EC658A110F0984007B3B3E /* DCXPathElementSelectorTests.m in Sources */ = {isa = PBXBuildFile; fileRef = 65EC6589110F0984007B3B3E /* DCXPathElementSelectorTests.m */; };
		65EC66CE110FF3C8007B3B3E /* DCXPathIndexedSelector.h in Headers */ = {isa = PBXBuildFile; fileRef = 65EC66CC110FF3C8007B3B3E /* DCXPathIndexedSelector.h */; settings = {ATTRIBUTES = (Public, ); }; };
		65EC66CF110FF3C8007B3B3E /* DCXPathIndexedSelector.m in Sources */ = {isa = PBXBuildFile; fileRef = 65EC66CD110FF3C8007B3B3E /* DCXPathIndexedSelector.m */; };
		65EC66D0110FF3C8007B3B3E /* DCXPathIndexedSelector.m in Sources */ = {isa = PBXBuildFile; fileRef = 65EC66CD110FF3C8007B3B3E /* DCXPathIndexedSelector.m */; };
		65EC66D1110FF3C8007B3B3E /* DCXPathIndexedSelector.m in Sources */ = {isa = PBXBuildFile; fileRef = 65EC66CD110FF3C8007B3B3E /* DCXPathIndexedSelector.m */; };
		65EC66D7110FF779007B3B3E /* DCXPathIndexedSelectorTests.m in Sources */ = {isa = PBXBuildFile; fileRef = 65EC66D3110FF779007B3B3E /* DCXPathIndexedSelectorTests.m */; };
		65EC679A1110073F007B3B3E /* DCXPathParentSelectorTests.m in Sources */ = {isa = PBXBuildFile; fileRef = 65EC67971110073F007B3B3E /* DCXPathParentSelectorTests.m */; };
		65EC67A0111007A9007B3B3E /* DCXPathParentSelector.h in Headers */ = {isa = PBXBuildFile; fileRef = 65EC679E111007A9007B3B3E /* DCXPathParentSelector.h */; settings = {ATTRIBUTES = (Public, ); }; };
		65EC67A1111007A9007B3B3E /* DCXPathParentSelector.m in Sources */ = {isa = PBXBuildFile; fileRef = 65EC679F111007A9007B3B3E /* DCXPathParentSelector.m */; };
		65EC67A2111007A9007B3B3E /* DCXPathParentSelector.m in Sources */ = {isa = PBXBuildFile; fileRef = 65EC679F111007A9007B3B3E /* DCXPathParentSelector.m */; };
		65EC67A3111007A9007B3B3E /* DCXPathParentSelector.m in Sources */ = {isa = PBXBuildFile; fileRef = 65EC679F111007A9007B3B3E /* DCXPathParentSelector.m */; };
		65EC684111104C71007B3B3E /* DCXPathFilter.h in Headers */ = {isa = PBXBuildFile; fileRef = 65EC684011104C71007B3B3E /* DCXPathFilter.h */; settings = {ATTRIBUTES = (Public, ); }; };
		65EEBEA5112D1730006FF783 /* DCXPathSubtreeSelector.h in Headers */ = {isa = PBXBuildFile; fileRef = 654CC690111ECEA2000209D8 /* DCXPathSubtreeSelector.h */; settings = {ATTRIBUTES = (Public, ); }; };
		65EEBEA6112D1731006FF783 /* DCXPathSubtreeSelector.m in Sources */ = {isa = PBXBuildFile; fileRef = 654CC691111ECEA2000209D8 /* DCXPathSubtreeSelector.m */; };
		65EEBEA7112D175E006FF783 /* DCUrlConnection+NSURLConnectionDelegate.m in Sources */ = {isa = PBXBuildFile; fileRef = 655E11D910CCCFEE00D8E6D1 /* DCUrlConnection+NSURLConnectionDelegate.m */; };
		65F07E2C10D5E6E30057AD6C /* DCUrlConnection+NSURLConnectionDelegate.h in Headers */ = {isa = PBXBuildFile; fileRef = 655E11D810CCCFEE00D8E6D1 /* DCUrlConnection+NSURLConnectionDelegate.h */; settings = {ATTRIBUTES = (Public, ); }; };
		65F07E5010D5E7AE0057AD6C /* DCDMNode.m in Sources */ = {isa = PBXBuildFile; fileRef = 65F07E4F10D5E7AE0057AD6C /* DCDMNode.m */; };
		65F4613810941762008AF68E /* DCXmlParser.h in Headers */ = {isa = PBXBuildFile; fileRef = 65F4613710941762008AF68E /* DCXmlParser.h */; settings = {ATTRIBUTES = (Public, ); }; };
		65F4613B10941768008AF68E /* DCXmlParser.m in Sources */ = {isa = PBXBuildFile; fileRef = 65F4613910941768008AF68E /* DCXmlParser.m */; };
		65F7481010BB9B330030ABA4 /* DCXmlNamespace.h in Headers */ = {isa = PBXBuildFile; fileRef = 65F7480E10BB9B330030ABA4 /* DCXmlNamespace.h */; settings = {ATTRIBUTES = (Public, ); }; };
		65F7481110BB9B330030ABA4 /* DCXmlNamespace.m in Sources */ = {isa = PBXBuildFile; fileRef = 65F7480F10BB9B330030ABA4 /* DCXmlNamespace.m */; };
		65FC2D091115935200738879 /* DummyImplementations.m in Sources */ = {isa = PBXBuildFile; fileRef = 65FC2D081115935200738879 /* DummyImplementations.m */; };
		65FC2F8711183B6C00738879 /* DCXPathElementFilter.m in Sources */ = {isa = PBXBuildFile; fileRef = 65FC2F8611183B6C00738879 /* DCXPathElementFilter.m */; };
		65FC2F8811183B6C00738879 /* DCXPathElementFilter.h in Headers */ = {isa = PBXBuildFile; fileRef = 65FC2F8511183B6C00738879 /* DCXPathElementFilter.h */; settings = {ATTRIBUTES = (Public, ); }; };
		65FC2F8911183B6C00738879 /* DCXPathElementFilter.m in Sources */ = {isa = PBXBuildFile; fileRef = 65FC2F8611183B6C00738879 /* DCXPathElementFilter.m */; };
		65FC2F8B11183E9F00738879 /* DCXPathElementFilterTests.m in Sources */ = {isa = PBXBuildFile; fileRef = 65FC2F8A11183E9F00738879 /* DCXPathElementFilterTests.m */; };
		65FC2FF01118499600738879 /* DCXPathElementFilter.m in Sources */ = {isa = PBXBuildFile; fileRef = 65FC2F8611183B6C00738879 /* DCXPathElementFilter.m */; };
		65FC46D810BDF68E0094492E /* DCXmlSubtreeParserDelegateTests.m in Sources */ = {isa = PBXBuildFile; fileRef = 65FC46D610BDF68E0094492E /* DCXmlSubtreeParserDelegateTests.m */; };
		65FC480B10BE2C790094492E /* DCSoapWebServiceConnection.h in Headers */ = {isa = PBXBuildFile; fileRef = 65FC480910BE2C790094492E /* DCSoapWebServiceConnection.h */; settings = {ATTRIBUTES = (Public, ); }; };
		65FC480C10BE2C790094492E /* DCSoapWebServiceConnection.m in Sources */ = {isa = PBXBuildFile; fileRef = 65FC480A10BE2C790094492E /* DCSoapWebServiceConnection.m */; };
		65FC481010BE2EA90094492E /* DCWebServiceResponse.h in Headers */ = {isa = PBXBuildFile; fileRef = 65FC480E10BE2EA90094492E /* DCWebServiceResponse.h */; settings = {ATTRIBUTES = (Public, ); }; };
		65FC481110BE2EA90094492E /* DCWebServiceResponse.m in Sources */ = {isa = PBXBuildFile; fileRef = 65FC480F10BE2EA90094492E /* DCWebServiceResponse.m */; };
		65FC482110BE30850094492E /* DCWebServiceResponseTests.m in Sources */ = {isa = PBXBuildFile; fileRef = 65FC482010BE30850094492E /* DCWebServiceResponseTests.m */; };
		AA747D9F0F9514B9006C5449 /* dXml_Prefix.pch in Headers */ = {isa = PBXBuildFile; fileRef = AA747D9E0F9514B9006C5449 /* dXml_Prefix.pch */; settings = {ATTRIBUTES = (Public, ); }; };
		AACBBE4A0F95108600F1A2B1 /* Foundation.framework in Frameworks */ = {isa = PBXBuildFile; fileRef = AACBBE490F95108600F1A2B1 /* Foundation.framework */; };
/* End PBXBuildFile section */

/* Begin PBXContainerItemProxy section */
		6527061011323358009615CB /* PBXContainerItemProxy */ = {
			isa = PBXContainerItemProxy;
			containerPortal = 0867D690FE84028FC02AAC07 /* Project object */;
			proxyType = 1;
			remoteGlobalIDString = 65E646E910955DD70055AA46;
			remoteInfo = "dXml Unit Tests";
		};
		652706121132336B009615CB /* PBXContainerItemProxy */ = {
			isa = PBXContainerItemProxy;
			containerPortal = 0867D690FE84028FC02AAC07 /* Project object */;
			proxyType = 1;
			remoteGlobalIDString = 6527060011323092009615CB;
			remoteInfo = "Generate API";
		};
		654EE4BE10FB63CC0023F57D /* PBXContainerItemProxy */ = {
			isa = PBXContainerItemProxy;
			containerPortal = 0867D690FE84028FC02AAC07 /* Project object */;
			proxyType = 1;
			remoteGlobalIDString = D2AAC07D0554694100DB518D;
			remoteInfo = dXml;
		};
		65E646F010955DFF0055AA46 /* PBXContainerItemProxy */ = {
			isa = PBXContainerItemProxy;
			containerPortal = 0867D690FE84028FC02AAC07 /* Project object */;
			proxyType = 1;
			remoteGlobalIDString = D2AAC07D0554694100DB518D;
			remoteInfo = dXml;
		};
/* End PBXContainerItemProxy section */

/* Begin PBXCopyFilesBuildPhase section */
		6506F85E10CE13260095E6D7 /* CopyFiles */ = {
			isa = PBXCopyFilesBuildPhase;
			buildActionMask = 2147483647;
			dstPath = "";
			dstSubfolderSpec = 16;
			files = (
			);
			runOnlyForDeploymentPostprocessing = 0;
		};
		654EE4F010FB64EA0023F57D /* Copy OCMock into build */ = {
			isa = PBXCopyFilesBuildPhase;
			buildActionMask = 2147483647;
			dstPath = "";
			dstSubfolderSpec = 16;
			files = (
			);
			name = "Copy OCMock into build";
			runOnlyForDeploymentPostprocessing = 0;
		};
		659F701210F7029000822900 /* CopyFiles */ = {
			isa = PBXCopyFilesBuildPhase;
			buildActionMask = 2147483647;
			dstPath = "";
			dstSubfolderSpec = 7;
			files = (
				65CA5B891105681100BAB73A /* License.markdown in CopyFiles */,
				656047D411046FA300BE761F /* ChangeLog.markdown in CopyFiles */,
				659F700C10F7027600822900 /* ReadMe.markdown in CopyFiles */,
			);
			runOnlyForDeploymentPostprocessing = 0;
		};
/* End PBXCopyFilesBuildPhase section */

/* Begin PBXFileReference section */
		650E72B510AADB7500CE8A8E /* DCXmlParserTests.m */ = {isa = PBXFileReference; fileEncoding = 4; lastKnownFileType = sourcecode.c.objc; path = DCXmlParserTests.m; sourceTree = "<group>"; };
		651607FE109A9D17002BE0D0 /* DCXmlAttribute.h */ = {isa = PBXFileReference; fileEncoding = 4; lastKnownFileType = sourcecode.c.h; path = DCXmlAttribute.h; sourceTree = "<group>"; };
		651607FF109A9D17002BE0D0 /* DCXmlAttribute.m */ = {isa = PBXFileReference; fileEncoding = 4; lastKnownFileType = sourcecode.c.objc; path = DCXmlAttribute.m; sourceTree = "<group>"; };
		65160817109AA0FF002BE0D0 /* DCXmlAttributeTests.m */ = {isa = PBXFileReference; fileEncoding = 4; lastKnownFileType = sourcecode.c.objc; path = DCXmlAttributeTests.m; sourceTree = "<group>"; };
		65160992109B0C8A002BE0D0 /* DCXmlDocument.h */ = {isa = PBXFileReference; fileEncoding = 4; lastKnownFileType = sourcecode.c.h; path = DCXmlDocument.h; sourceTree = "<group>"; };
		65160993109B0C8A002BE0D0 /* DCXmlDocument.m */ = {isa = PBXFileReference; fileEncoding = 4; lastKnownFileType = sourcecode.c.objc; path = DCXmlDocument.m; sourceTree = "<group>"; };
		651D560C113756E500546756 /* OCMock.framework */ = {isa = PBXFileReference; lastKnownFileType = wrapper.framework; name = OCMock.framework; path = "../../tools/OCMock 1.55/OCMock.framework"; sourceTree = SOURCE_ROOT; };
		65320BAD10BCF0230056BDDF /* DCXmlDocumentParserDelegate.h */ = {isa = PBXFileReference; fileEncoding = 4; lastKnownFileType = sourcecode.c.h; path = DCXmlDocumentParserDelegate.h; sourceTree = "<group>"; };
		65320BAE10BCF0230056BDDF /* DCXmlDocumentParserDelegate.m */ = {isa = PBXFileReference; fileEncoding = 4; lastKnownFileType = sourcecode.c.objc; path = DCXmlDocumentParserDelegate.m; sourceTree = "<group>"; };
		6532522710BE4DFE00007475 /* DCSoapWebserviceConnectionTests.m */ = {isa = PBXFileReference; fileEncoding = 4; lastKnownFileType = sourcecode.c.objc; path = DCSoapWebserviceConnectionTests.m; sourceTree = "<group>"; };
		65480AA111152A660094CD0B /* DCXPathAbstractSelectorTests.m */ = {isa = PBXFileReference; fileEncoding = 4; lastKnownFileType = sourcecode.c.objc; path = DCXPathAbstractSelectorTests.m; sourceTree = "<group>"; };
		654CC690111ECEA2000209D8 /* DCXPathSubtreeSelector.h */ = {isa = PBXFileReference; fileEncoding = 4; lastKnownFileType = sourcecode.c.h; path = DCXPathSubtreeSelector.h; sourceTree = "<group>"; };
		654CC691111ECEA2000209D8 /* DCXPathSubtreeSelector.m */ = {isa = PBXFileReference; fileEncoding = 4; lastKnownFileType = sourcecode.c.objc; path = DCXPathSubtreeSelector.m; sourceTree = "<group>"; };
		654CC699111ECFC1000209D8 /* DCXPathSubtreeSelectorTests.m */ = {isa = PBXFileReference; fileEncoding = 4; lastKnownFileType = sourcecode.c.objc; path = DCXPathSubtreeSelectorTests.m; sourceTree = "<group>"; };
		654EE4AD10FB5CF60023F57D /* ChangeLog.markdown */ = {isa = PBXFileReference; fileEncoding = 4; lastKnownFileType = text; path = ChangeLog.markdown; sourceTree = "<group>"; };
		654EE4B810FB638B0023F57D /* dXml Integration Tests.app */ = {isa = PBXFileReference; explicitFileType = wrapper.application; includeInIndex = 0; path = "dXml Integration Tests.app"; sourceTree = BUILT_PRODUCTS_DIR; };
		655E110010CCAFCC00D8E6D1 /* DCUrlConnectionTests.m */ = {isa = PBXFileReference; fileEncoding = 4; lastKnownFileType = sourcecode.c.objc; path = DCUrlConnectionTests.m; sourceTree = "<group>"; };
		655E111710CCC1E500D8E6D1 /* DCSoapWebserviceIntegrationTests.m */ = {isa = PBXFileReference; fileEncoding = 4; lastKnownFileType = sourcecode.c.objc; name = DCSoapWebserviceIntegrationTests.m; path = src/tests/DCSoapWebserviceIntegrationTests.m; sourceTree = "<group>"; };
		655E114610CCC4A400D8E6D1 /* DCUrlConnectionIntegrationTests.m */ = {isa = PBXFileReference; fileEncoding = 4; lastKnownFileType = sourcecode.c.objc; name = DCUrlConnectionIntegrationTests.m; path = src/tests/DCUrlConnectionIntegrationTests.m; sourceTree = "<group>"; };
		655E114B10CCC51900D8E6D1 /* IntegrationTestDefaults.h */ = {isa = PBXFileReference; fileEncoding = 4; lastKnownFileType = sourcecode.c.h; name = IntegrationTestDefaults.h; path = src/tests/IntegrationTestDefaults.h; sourceTree = "<group>"; };
		655E11D810CCCFEE00D8E6D1 /* DCUrlConnection+NSURLConnectionDelegate.h */ = {isa = PBXFileReference; fileEncoding = 4; lastKnownFileType = sourcecode.c.h; path = "DCUrlConnection+NSURLConnectionDelegate.h"; sourceTree = "<group>"; };
		655E11D910CCCFEE00D8E6D1 /* DCUrlConnection+NSURLConnectionDelegate.m */ = {isa = PBXFileReference; fileEncoding = 4; lastKnownFileType = sourcecode.c.objc; path = "DCUrlConnection+NSURLConnectionDelegate.m"; sourceTree = "<group>"; };
		655E147410CE06C500D8E6D1 /* DCUrlConnection+NSURLConnectionDelegateTests.m */ = {isa = PBXFileReference; fileEncoding = 4; lastKnownFileType = sourcecode.c.objc; path = "DCUrlConnection+NSURLConnectionDelegateTests.m"; sourceTree = "<group>"; };
		655E14F710CE0D7F00D8E6D1 /* UIKit.framework */ = {isa = PBXFileReference; lastKnownFileType = wrapper.framework; name = UIKit.framework; path = System/Library/Frameworks/UIKit.framework; sourceTree = SDKROOT; };
		656049F111047D0400BE761F /* NSError+SoapFault.h */ = {isa = PBXFileReference; fileEncoding = 4; lastKnownFileType = sourcecode.c.h; path = "NSError+SoapFault.h"; sourceTree = "<group>"; };
		656049F211047D0400BE761F /* NSError+SoapFault.m */ = {isa = PBXFileReference; fileEncoding = 4; lastKnownFileType = sourcecode.c.objc; path = "NSError+SoapFault.m"; sourceTree = "<group>"; };
		6568477910D669080031C348 /* DCTextNodeTests.m */ = {isa = PBXFileReference; fileEncoding = 4; lastKnownFileType = sourcecode.c.objc; path = DCTextNodeTests.m; sourceTree = "<group>"; };
		6568478B10D66A6D0031C348 /* DCXmlNamespaceTests.m */ = {isa = PBXFileReference; fileEncoding = 4; lastKnownFileType = sourcecode.c.objc; path = DCXmlNamespaceTests.m; sourceTree = "<group>"; };
		657B48B21107D26500747B38 /* DCXPathExecutorTests.m */ = {isa = PBXFileReference; fileEncoding = 4; lastKnownFileType = sourcecode.c.objc; path = DCXPathExecutorTests.m; sourceTree = "<group>"; };
		657B48B41107D2F600747B38 /* DCXmlNode+AsString.h */ = {isa = PBXFileReference; fileEncoding = 4; lastKnownFileType = sourcecode.c.h; path = "DCXmlNode+AsString.h"; sourceTree = "<group>"; };
		657B48B51107D2F600747B38 /* DCXmlNode+AsString.m */ = {isa = PBXFileReference; fileEncoding = 4; lastKnownFileType = sourcecode.c.objc; path = "DCXmlNode+AsString.m"; sourceTree = "<group>"; };
		657B48BE1107D51B00747B38 /* DCXmlNode+AsStringTests.m */ = {isa = PBXFileReference; fileEncoding = 4; lastKnownFileType = sourcecode.c.objc; path = "DCXmlNode+AsStringTests.m"; sourceTree = "<group>"; };
		657B48F21107D76200747B38 /* TestHeaders.h */ = {isa = PBXFileReference; fileEncoding = 4; lastKnownFileType = sourcecode.c.h; path = TestHeaders.h; sourceTree = "<group>"; };
		657B4A971109616500747B38 /* InternetTests.m */ = {isa = PBXFileReference; fileEncoding = 4; lastKnownFileType = sourcecode.c.objc; name = InternetTests.m; path = src/tests/InternetTests.m; sourceTree = "<group>"; };
		657B4D53110C7B9900747B38 /* DCXPathExecutor.h */ = {isa = PBXFileReference; fileEncoding = 4; lastKnownFileType = sourcecode.c.h; path = DCXPathExecutor.h; sourceTree = "<group>"; };
		657B4D54110C7B9900747B38 /* DCXPathExecutor.m */ = {isa = PBXFileReference; fileEncoding = 4; lastKnownFileType = sourcecode.c.objc; path = DCXPathExecutor.m; sourceTree = "<group>"; };
		657B4E05110DAF5500747B38 /* DCXPathRootSelector.h */ = {isa = PBXFileReference; fileEncoding = 4; lastKnownFileType = sourcecode.c.h; path = DCXPathRootSelector.h; sourceTree = "<group>"; };
		657B4E06110DAF5500747B38 /* DCXPathRootSelector.m */ = {isa = PBXFileReference; fileEncoding = 4; lastKnownFileType = sourcecode.c.objc; path = DCXPathRootSelector.m; sourceTree = "<group>"; };
		657B4E36110DB72500747B38 /* DCXPathRootSelectorTests.m */ = {isa = PBXFileReference; fileEncoding = 4; lastKnownFileType = sourcecode.c.objc; path = DCXPathRootSelectorTests.m; sourceTree = "<group>"; };
		657B4E6E110DBAED00747B38 /* GHAsyncTestCase.h */ = {isa = PBXFileReference; fileEncoding = 4; lastKnownFileType = sourcecode.c.h; name = GHAsyncTestCase.h; path = "../../tools/libGHUnitIPhone3_0-0.4.18/GHAsyncTestCase.h"; sourceTree = SOURCE_ROOT; };
		657B4E6F110DBAED00747B38 /* GHTest.h */ = {isa = PBXFileReference; fileEncoding = 4; lastKnownFileType = sourcecode.c.h; name = GHTest.h; path = "../../tools/libGHUnitIPhone3_0-0.4.18/GHTest.h"; sourceTree = SOURCE_ROOT; };
		657B4E70110DBAED00747B38 /* GHTestCase.h */ = {isa = PBXFileReference; fileEncoding = 4; lastKnownFileType = sourcecode.c.h; name = GHTestCase.h; path = "../../tools/libGHUnitIPhone3_0-0.4.18/GHTestCase.h"; sourceTree = SOURCE_ROOT; };
		657B4E71110DBAED00747B38 /* GHTestGroup.h */ = {isa = PBXFileReference; fileEncoding = 4; lastKnownFileType = sourcecode.c.h; name = GHTestGroup.h; path = "../../tools/libGHUnitIPhone3_0-0.4.18/GHTestGroup.h"; sourceTree = SOURCE_ROOT; };
		657B4E72110DBAED00747B38 /* GHTesting.h */ = {isa = PBXFileReference; fileEncoding = 4; lastKnownFileType = sourcecode.c.h; name = GHTesting.h; path = "../../tools/libGHUnitIPhone3_0-0.4.18/GHTesting.h"; sourceTree = SOURCE_ROOT; };
		657B4E73110DBAED00747B38 /* GHTestMacros.h */ = {isa = PBXFileReference; fileEncoding = 4; lastKnownFileType = sourcecode.c.h; name = GHTestMacros.h; path = "../../tools/libGHUnitIPhone3_0-0.4.18/GHTestMacros.h"; sourceTree = SOURCE_ROOT; };
		657B4E74110DBAED00747B38 /* GHTestRunner.h */ = {isa = PBXFileReference; fileEncoding = 4; lastKnownFileType = sourcecode.c.h; name = GHTestRunner.h; path = "../../tools/libGHUnitIPhone3_0-0.4.18/GHTestRunner.h"; sourceTree = SOURCE_ROOT; };
		657B4E75110DBAED00747B38 /* GHTestSuite.h */ = {isa = PBXFileReference; fileEncoding = 4; lastKnownFileType = sourcecode.c.h; name = GHTestSuite.h; path = "../../tools/libGHUnitIPhone3_0-0.4.18/GHTestSuite.h"; sourceTree = SOURCE_ROOT; };
		657B4E76110DBAED00747B38 /* GHUnit.h */ = {isa = PBXFileReference; fileEncoding = 4; lastKnownFileType = sourcecode.c.h; name = GHUnit.h; path = "../../tools/libGHUnitIPhone3_0-0.4.18/GHUnit.h"; sourceTree = SOURCE_ROOT; };
		657B4E77110DBAED00747B38 /* GHUnitIPhoneAppDelegate.h */ = {isa = PBXFileReference; fileEncoding = 4; lastKnownFileType = sourcecode.c.h; name = GHUnitIPhoneAppDelegate.h; path = "../../tools/libGHUnitIPhone3_0-0.4.18/GHUnitIPhoneAppDelegate.h"; sourceTree = SOURCE_ROOT; };
		657B4E78110DBAED00747B38 /* GHUnitIPhoneTestMain.m */ = {isa = PBXFileReference; fileEncoding = 4; lastKnownFileType = sourcecode.c.objc; name = GHUnitIPhoneTestMain.m; path = "../../tools/libGHUnitIPhone3_0-0.4.18/GHUnitIPhoneTestMain.m"; sourceTree = SOURCE_ROOT; };
		657B4E79110DBAED00747B38 /* GHUNSObject+Swizzle.h */ = {isa = PBXFileReference; fileEncoding = 4; lastKnownFileType = sourcecode.c.h; name = "GHUNSObject+Swizzle.h"; path = "../../tools/libGHUnitIPhone3_0-0.4.18/GHUNSObject+Swizzle.h"; sourceTree = SOURCE_ROOT; };
		657B4E7A110DBAED00747B38 /* libGHUnitIPhone3_0.a */ = {isa = PBXFileReference; lastKnownFileType = archive.ar; name = libGHUnitIPhone3_0.a; path = "../../tools/libGHUnitIPhone3_0-0.4.18/libGHUnitIPhone3_0.a"; sourceTree = SOURCE_ROOT; };
		657B4E7B110DBAED00747B38 /* NSException+GHTestFailureExceptions.h */ = {isa = PBXFileReference; fileEncoding = 4; lastKnownFileType = sourcecode.c.h; name = "NSException+GHTestFailureExceptions.h"; path = "../../tools/libGHUnitIPhone3_0-0.4.18/NSException+GHTestFailureExceptions.h"; sourceTree = SOURCE_ROOT; };
		657B4E7C110DBAED00747B38 /* NSValue+GHValueFormatter.h */ = {isa = PBXFileReference; fileEncoding = 4; lastKnownFileType = sourcecode.c.h; name = "NSValue+GHValueFormatter.h"; path = "../../tools/libGHUnitIPhone3_0-0.4.18/NSValue+GHValueFormatter.h"; sourceTree = SOURCE_ROOT; };
		657B4EDE110EA8D000747B38 /* DCXPathElementSelector.h */ = {isa = PBXFileReference; fileEncoding = 4; lastKnownFileType = sourcecode.c.h; path = DCXPathElementSelector.h; sourceTree = "<group>"; };
		657B4EDF110EA8D000747B38 /* DCXPathElementSelector.m */ = {isa = PBXFileReference; fileEncoding = 4; lastKnownFileType = sourcecode.c.objc; path = DCXPathElementSelector.m; sourceTree = "<group>"; };
		65894D1C10D515F500AF89C0 /* DCTextNode.h */ = {isa = PBXFileReference; fileEncoding = 4; lastKnownFileType = sourcecode.c.h; path = DCTextNode.h; sourceTree = "<group>"; };
		65894D1D10D515F500AF89C0 /* DCTextNode.m */ = {isa = PBXFileReference; fileEncoding = 4; lastKnownFileType = sourcecode.c.objc; path = DCTextNode.m; sourceTree = "<group>"; };
		65894D3010D51A8D00AF89C0 /* DCXmlNode.h */ = {isa = PBXFileReference; fileEncoding = 4; lastKnownFileType = sourcecode.c.h; path = DCXmlNode.h; sourceTree = "<group>"; };
		65894D3110D51A8D00AF89C0 /* DCXmlNode.m */ = {isa = PBXFileReference; fileEncoding = 4; lastKnownFileType = sourcecode.c.objc; path = DCXmlNode.m; sourceTree = "<group>"; };
		659F700610F7024600822900 /* ReadMe.markdown */ = {isa = PBXFileReference; fileEncoding = 4; lastKnownFileType = text; path = ReadMe.markdown; sourceTree = "<group>"; };
		65B45CAD1110522E00CF9DF6 /* DCXPathAbstractSelector.h */ = {isa = PBXFileReference; fileEncoding = 4; lastKnownFileType = sourcecode.c.h; path = DCXPathAbstractSelector.h; sourceTree = "<group>"; };
		65B45CAE1110522E00CF9DF6 /* DCXPathAbstractSelector.m */ = {isa = PBXFileReference; fileEncoding = 4; lastKnownFileType = sourcecode.c.objc; path = DCXPathAbstractSelector.m; sourceTree = "<group>"; };
		65B45D1D11105D7E00CF9DF6 /* DCXPathIndexFilter.h */ = {isa = PBXFileReference; fileEncoding = 4; lastKnownFileType = sourcecode.c.h; path = DCXPathIndexFilter.h; sourceTree = "<group>"; };
		65B45D1E11105D7E00CF9DF6 /* DCXPathIndexFilter.m */ = {isa = PBXFileReference; fileEncoding = 4; lastKnownFileType = sourcecode.c.objc; path = DCXPathIndexFilter.m; sourceTree = "<group>"; };
		65B45D3211105F3D00CF9DF6 /* DCXPathIndexFilterTests.m */ = {isa = PBXFileReference; fileEncoding = 4; lastKnownFileType = sourcecode.c.objc; path = DCXPathIndexFilterTests.m; sourceTree = "<group>"; };
		65BB81A910CC82D900959C05 /* DCUrlConnection.h */ = {isa = PBXFileReference; fileEncoding = 4; lastKnownFileType = sourcecode.c.h; path = DCUrlConnection.h; sourceTree = "<group>"; };
		65BB81AA10CC82D900959C05 /* DCUrlConnection.m */ = {isa = PBXFileReference; fileEncoding = 4; lastKnownFileType = sourcecode.c.objc; path = DCUrlConnection.m; sourceTree = "<group>"; };
		65C4F65F10C8923D009DB40E /* DCSecurity.h */ = {isa = PBXFileReference; fileEncoding = 4; lastKnownFileType = sourcecode.c.h; path = DCSecurity.h; sourceTree = "<group>"; };
		65C4F68210C8A1DE009DB40E /* DCNoSecurity.h */ = {isa = PBXFileReference; fileEncoding = 4; lastKnownFileType = sourcecode.c.h; path = DCNoSecurity.h; sourceTree = "<group>"; };
		65C4F68310C8A1DE009DB40E /* DCNoSecurity.m */ = {isa = PBXFileReference; fileEncoding = 4; lastKnownFileType = sourcecode.c.objc; path = DCNoSecurity.m; sourceTree = "<group>"; };
		65C4F6B410C8B3DB009DB40E /* DCSecurityTests.m */ = {isa = PBXFileReference; fileEncoding = 4; lastKnownFileType = sourcecode.c.objc; path = DCSecurityTests.m; sourceTree = "<group>"; };
		65C4F6E710C8B69E009DB40E /* DCUseridPasswordSecurity.h */ = {isa = PBXFileReference; fileEncoding = 4; lastKnownFileType = sourcecode.c.h; path = DCUseridPasswordSecurity.h; sourceTree = "<group>"; };
		65C4F6E810C8B69E009DB40E /* DCUseridPasswordSecurity.m */ = {isa = PBXFileReference; fileEncoding = 4; lastKnownFileType = sourcecode.c.objc; path = DCUseridPasswordSecurity.m; sourceTree = "<group>"; };
		65C4F71310C8B856009DB40E /* DCUseridPasswordSecurityTests.m */ = {isa = PBXFileReference; fileEncoding = 4; lastKnownFileType = sourcecode.c.objc; path = DCUseridPasswordSecurityTests.m; sourceTree = "<group>"; };
		65C4F72010C8BA5F009DB40E /* NSObject+SoapTemplates.h */ = {isa = PBXFileReference; fileEncoding = 4; lastKnownFileType = sourcecode.c.h; path = "NSObject+SoapTemplates.h"; sourceTree = "<group>"; };
		65C4F72110C8BA5F009DB40E /* NSObject+SoapTemplates.m */ = {isa = PBXFileReference; fileEncoding = 4; lastKnownFileType = sourcecode.c.objc; path = "NSObject+SoapTemplates.m"; sourceTree = "<group>"; };
		65C4F82D10C8DEC1009DB40E /* DCSecurity.m */ = {isa = PBXFileReference; fileEncoding = 4; lastKnownFileType = sourcecode.c.objc; path = DCSecurity.m; sourceTree = "<group>"; };
		65CA5B82110566ED00BAB73A /* License.markdown */ = {isa = PBXFileReference; fileEncoding = 4; lastKnownFileType = text; path = License.markdown; sourceTree = "<group>"; };
		65CA5BC01105872D00BAB73A /* NSError+SoapFaultTests.m */ = {isa = PBXFileReference; fileEncoding = 4; lastKnownFileType = sourcecode.c.objc; path = "NSError+SoapFaultTests.m"; sourceTree = "<group>"; };
		65D0922D10B92B2E0061CC61 /* DCXmlDocumentParserDelegateTests.m */ = {isa = PBXFileReference; fileEncoding = 4; lastKnownFileType = sourcecode.c.objc; path = DCXmlDocumentParserDelegateTests.m; sourceTree = "<group>"; };
		65D0951510BA435A0061CC61 /* dXml.h */ = {isa = PBXFileReference; fileEncoding = 4; lastKnownFileType = sourcecode.c.h; path = dXml.h; sourceTree = "<group>"; };
		65D4AA4510D20FA7003E356D /* docset.plist */ = {isa = PBXFileReference; fileEncoding = 4; lastKnownFileType = text.plist.xml; path = docset.plist; sourceTree = "<group>"; };
		65D4ABD110D512C0003E356D /* DCDMNode.h */ = {isa = PBXFileReference; fileEncoding = 4; lastKnownFileType = sourcecode.c.h; path = DCDMNode.h; sourceTree = "<group>"; };
		65DAB53410B179CE00207E87 /* DCXmlSubtreeParserDelegate.h */ = {isa = PBXFileReference; fileEncoding = 4; lastKnownFileType = sourcecode.c.h; path = DCXmlSubtreeParserDelegate.h; sourceTree = "<group>"; };
		65DAB53510B179CE00207E87 /* DCXmlSubtreeParserDelegate.m */ = {isa = PBXFileReference; fileEncoding = 4; lastKnownFileType = sourcecode.c.objc; path = DCXmlSubtreeParserDelegate.m; sourceTree = "<group>"; };
		65E646EA10955DD70055AA46 /* dXml Tests.app */ = {isa = PBXFileReference; explicitFileType = wrapper.application; includeInIndex = 0; path = "dXml Tests.app"; sourceTree = BUILT_PRODUCTS_DIR; };
		65E646EC10955DD70055AA46 /* Tests-Info.plist */ = {isa = PBXFileReference; lastKnownFileType = text.plist.xml; path = "Tests-Info.plist"; sourceTree = "<group>"; };
		65E647EC10955FCA0055AA46 /* CoreGraphics.framework */ = {isa = PBXFileReference; lastKnownFileType = wrapper.framework; name = CoreGraphics.framework; path = System/Library/Frameworks/CoreGraphics.framework; sourceTree = SDKROOT; };
		65EC6589110F0984007B3B3E /* DCXPathElementSelectorTests.m */ = {isa = PBXFileReference; fileEncoding = 4; lastKnownFileType = sourcecode.c.objc; path = DCXPathElementSelectorTests.m; sourceTree = "<group>"; };
		65EC66CC110FF3C8007B3B3E /* DCXPathIndexedSelector.h */ = {isa = PBXFileReference; fileEncoding = 4; lastKnownFileType = sourcecode.c.h; path = DCXPathIndexedSelector.h; sourceTree = "<group>"; };
		65EC66CD110FF3C8007B3B3E /* DCXPathIndexedSelector.m */ = {isa = PBXFileReference; fileEncoding = 4; lastKnownFileType = sourcecode.c.objc; path = DCXPathIndexedSelector.m; sourceTree = "<group>"; };
		65EC66D3110FF779007B3B3E /* DCXPathIndexedSelectorTests.m */ = {isa = PBXFileReference; fileEncoding = 4; lastKnownFileType = sourcecode.c.objc; path = DCXPathIndexedSelectorTests.m; sourceTree = "<group>"; };
		65EC67971110073F007B3B3E /* DCXPathParentSelectorTests.m */ = {isa = PBXFileReference; fileEncoding = 4; lastKnownFileType = sourcecode.c.objc; path = DCXPathParentSelectorTests.m; sourceTree = "<group>"; };
		65EC679E111007A9007B3B3E /* DCXPathParentSelector.h */ = {isa = PBXFileReference; fileEncoding = 4; lastKnownFileType = sourcecode.c.h; path = DCXPathParentSelector.h; sourceTree = "<group>"; };
		65EC679F111007A9007B3B3E /* DCXPathParentSelector.m */ = {isa = PBXFileReference; fileEncoding = 4; lastKnownFileType = sourcecode.c.objc; path = DCXPathParentSelector.m; sourceTree = "<group>"; };
		65EC684011104C71007B3B3E /* DCXPathFilter.h */ = {isa = PBXFileReference; fileEncoding = 4; lastKnownFileType = sourcecode.c.h; path = DCXPathFilter.h; sourceTree = "<group>"; };
		65F07E4F10D5E7AE0057AD6C /* DCDMNode.m */ = {isa = PBXFileReference; fileEncoding = 4; lastKnownFileType = sourcecode.c.objc; path = DCDMNode.m; sourceTree = "<group>"; };
		65F4613710941762008AF68E /* DCXmlParser.h */ = {isa = PBXFileReference; fileEncoding = 4; lastKnownFileType = sourcecode.c.h; path = DCXmlParser.h; sourceTree = "<group>"; };
		65F4613910941768008AF68E /* DCXmlParser.m */ = {isa = PBXFileReference; fileEncoding = 4; lastKnownFileType = sourcecode.c.objc; path = DCXmlParser.m; sourceTree = "<group>"; };
		65F461501094190D008AF68E /* DCXmlNodeTests.m */ = {isa = PBXFileReference; fileEncoding = 4; lastKnownFileType = sourcecode.c.objc; path = DCXmlNodeTests.m; sourceTree = "<group>"; };
		65F7480E10BB9B330030ABA4 /* DCXmlNamespace.h */ = {isa = PBXFileReference; fileEncoding = 4; lastKnownFileType = sourcecode.c.h; path = DCXmlNamespace.h; sourceTree = "<group>"; };
		65F7480F10BB9B330030ABA4 /* DCXmlNamespace.m */ = {isa = PBXFileReference; fileEncoding = 4; lastKnownFileType = sourcecode.c.objc; path = DCXmlNamespace.m; sourceTree = "<group>"; };
		65FC2D071115935200738879 /* DummyImplementations.h */ = {isa = PBXFileReference; fileEncoding = 4; lastKnownFileType = sourcecode.c.h; path = DummyImplementations.h; sourceTree = "<group>"; };
		65FC2D081115935200738879 /* DummyImplementations.m */ = {isa = PBXFileReference; fileEncoding = 4; lastKnownFileType = sourcecode.c.objc; path = DummyImplementations.m; sourceTree = "<group>"; };
		65FC2F8511183B6C00738879 /* DCXPathElementFilter.h */ = {isa = PBXFileReference; fileEncoding = 4; lastKnownFileType = sourcecode.c.h; path = DCXPathElementFilter.h; sourceTree = "<group>"; };
		65FC2F8611183B6C00738879 /* DCXPathElementFilter.m */ = {isa = PBXFileReference; fileEncoding = 4; lastKnownFileType = sourcecode.c.objc; path = DCXPathElementFilter.m; sourceTree = "<group>"; };
		65FC2F8A11183E9F00738879 /* DCXPathElementFilterTests.m */ = {isa = PBXFileReference; fileEncoding = 4; lastKnownFileType = sourcecode.c.objc; path = DCXPathElementFilterTests.m; sourceTree = "<group>"; };
		65FC31AA1119A0C500738879 /* doxygen-appledoc.config */ = {isa = PBXFileReference; fileEncoding = 4; lastKnownFileType = text; path = "doxygen-appledoc.config"; sourceTree = "<group>"; };
		65FC46D610BDF68E0094492E /* DCXmlSubtreeParserDelegateTests.m */ = {isa = PBXFileReference; fileEncoding = 4; lastKnownFileType = sourcecode.c.objc; path = DCXmlSubtreeParserDelegateTests.m; sourceTree = "<group>"; };
		65FC480910BE2C790094492E /* DCSoapWebServiceConnection.h */ = {isa = PBXFileReference; fileEncoding = 4; lastKnownFileType = sourcecode.c.h; path = DCSoapWebServiceConnection.h; sourceTree = "<group>"; };
		65FC480A10BE2C790094492E /* DCSoapWebServiceConnection.m */ = {isa = PBXFileReference; fileEncoding = 4; lastKnownFileType = sourcecode.c.objc; path = DCSoapWebServiceConnection.m; sourceTree = "<group>"; };
		65FC480E10BE2EA90094492E /* DCWebServiceResponse.h */ = {isa = PBXFileReference; fileEncoding = 4; lastKnownFileType = sourcecode.c.h; path = DCWebServiceResponse.h; sourceTree = "<group>"; };
		65FC480F10BE2EA90094492E /* DCWebServiceResponse.m */ = {isa = PBXFileReference; fileEncoding = 4; lastKnownFileType = sourcecode.c.objc; path = DCWebServiceResponse.m; sourceTree = "<group>"; };
		65FC482010BE30850094492E /* DCWebServiceResponseTests.m */ = {isa = PBXFileReference; fileEncoding = 4; lastKnownFileType = sourcecode.c.objc; path = DCWebServiceResponseTests.m; sourceTree = "<group>"; };
		AA747D9E0F9514B9006C5449 /* dXml_Prefix.pch */ = {isa = PBXFileReference; fileEncoding = 4; lastKnownFileType = sourcecode.c.h; path = dXml_Prefix.pch; sourceTree = SOURCE_ROOT; };
		AACBBE490F95108600F1A2B1 /* Foundation.framework */ = {isa = PBXFileReference; lastKnownFileType = wrapper.framework; name = Foundation.framework; path = System/Library/Frameworks/Foundation.framework; sourceTree = SDKROOT; };
		D2AAC07E0554694100DB518D /* lib_dXml.a */ = {isa = PBXFileReference; explicitFileType = archive.ar; includeInIndex = 0; path = lib_dXml.a; sourceTree = BUILT_PRODUCTS_DIR; };
/* End PBXFileReference section */

/* Begin PBXFrameworksBuildPhase section */
		654EE4B610FB638B0023F57D /* Frameworks */ = {
			isa = PBXFrameworksBuildPhase;
			buildActionMask = 2147483647;
			files = (
				657B4E8F110DBAEE00747B38 /* libGHUnitIPhone3_0.a in Frameworks */,
				6514BB6B11375B730089BBED /* CoreGraphics.framework in Frameworks */,
				6514BB6C11375B740089BBED /* Foundation.framework in Frameworks */,
				6514BB6D11375B760089BBED /* UIKit.framework in Frameworks */,
			);
			runOnlyForDeploymentPostprocessing = 0;
		};
		65E646E810955DD70055AA46 /* Frameworks */ = {
			isa = PBXFrameworksBuildPhase;
			buildActionMask = 2147483647;
			files = (
				655E153910CE0DE100D8E6D1 /* UIKit.framework in Frameworks */,
				65D4AACA10D21FCA003E356D /* CoreGraphics.framework in Frameworks */,
				65D4AB1810D21FD4003E356D /* Foundation.framework in Frameworks */,
				6514BAAD113757C30089BBED /* OCMock.framework in Frameworks */,
				6514BB62113757EA0089BBED /* libGHUnitIPhone3_0.a in Frameworks */,
			);
			runOnlyForDeploymentPostprocessing = 0;
		};
		D2AAC07C0554694100DB518D /* Frameworks */ = {
			isa = PBXFrameworksBuildPhase;
			buildActionMask = 2147483647;
			files = (
				AACBBE4A0F95108600F1A2B1 /* Foundation.framework in Frameworks */,
			);
			runOnlyForDeploymentPostprocessing = 0;
		};
/* End PBXFrameworksBuildPhase section */

/* Begin PBXGroup section */
		034768DFFF38A50411DB9C8B /* Products */ = {
			isa = PBXGroup;
			children = (
				D2AAC07E0554694100DB518D /* lib_dXml.a */,
				65E646EA10955DD70055AA46 /* dXml Tests.app */,
				654EE4B810FB638B0023F57D /* dXml Integration Tests.app */,
			);
			name = Products;
			sourceTree = "<group>";
		};
		0867D691FE84028FC02AAC07 /* dXml */ = {
			isa = PBXGroup;
			children = (
				659F700610F7024600822900 /* ReadMe.markdown */,
				654EE4AD10FB5CF60023F57D /* ChangeLog.markdown */,
				08FB77AEFE84172EC02AAC07 /* code */,
				0867D69AFE84028FC02AAC07 /* Frameworks */,
				32C88DFF0371C24200C91783 /* Other Sources */,
				034768DFFF38A50411DB9C8B /* Products */,
				65E646EC10955DD70055AA46 /* Tests-Info.plist */,
				65F460C810941073008AF68E /* Unit Tests */,
				654EE4F910FB66BE0023F57D /* Integration Tests */,
			);
			name = dXml;
			sourceTree = "<group>";
		};
		0867D69AFE84028FC02AAC07 /* Frameworks */ = {
			isa = PBXGroup;
			children = (
				65E647EC10955FCA0055AA46 /* CoreGraphics.framework */,
				AACBBE490F95108600F1A2B1 /* Foundation.framework */,
				657B4E6D110DBABE00747B38 /* GHUnit */,
				651D560C113756E500546756 /* OCMock.framework */,
				655E14F710CE0D7F00D8E6D1 /* UIKit.framework */,
			);
			name = Frameworks;
			sourceTree = "<group>";
		};
		08FB77AEFE84172EC02AAC07 /* code */ = {
			isa = PBXGroup;
			children = (
				65D0922510B913440061CC61 /* impl */,
				65FC480910BE2C790094492E /* DCSoapWebServiceConnection.h */,
				65FC480A10BE2C790094492E /* DCSoapWebServiceConnection.m */,
				65F4613710941762008AF68E /* DCXmlParser.h */,
				65F4613910941768008AF68E /* DCXmlParser.m */,
			);
			name = code;
			path = src/code;
			sourceTree = "<group>";
		};
		32C88DFF0371C24200C91783 /* Other Sources */ = {
			isa = PBXGroup;
			children = (
				65FC31AA1119A0C500738879 /* doxygen-appledoc.config */,
				65D4AA4510D20FA7003E356D /* docset.plist */,
				AA747D9E0F9514B9006C5449 /* dXml_Prefix.pch */,
				65CA5B82110566ED00BAB73A /* License.markdown */,
			);
			name = "Other Sources";
			sourceTree = "<group>";
		};
		65320BB310BCF0FD0056BDDF /* Document Model */ = {
			isa = PBXGroup;
			children = (
				6568477910D669080031C348 /* DCTextNodeTests.m */,
				65160817109AA0FF002BE0D0 /* DCXmlAttributeTests.m */,
				6568478B10D66A6D0031C348 /* DCXmlNamespaceTests.m */,
				657B48BE1107D51B00747B38 /* DCXmlNode+AsStringTests.m */,
				65F461501094190D008AF68E /* DCXmlNodeTests.m */,
			);
			name = "Document Model";
			sourceTree = "<group>";
		};
		654EE4F910FB66BE0023F57D /* Integration Tests */ = {
			isa = PBXGroup;
			children = (
				654EE4FA10FB66F00023F57D /* impl */,
				655E111710CCC1E500D8E6D1 /* DCSoapWebserviceIntegrationTests.m */,
				655E114B10CCC51900D8E6D1 /* IntegrationTestDefaults.h */,
				657B4A971109616500747B38 /* InternetTests.m */,
			);
			name = "Integration Tests";
			sourceTree = "<group>";
		};
		654EE4FA10FB66F00023F57D /* impl */ = {
			isa = PBXGroup;
			children = (
				655E114610CCC4A400D8E6D1 /* DCUrlConnectionIntegrationTests.m */,
			);
			name = impl;
			sourceTree = "<group>";
		};
		657B4E01110DADD500747B38 /* XPath */ = {
			isa = PBXGroup;
			children = (
				65BCA69F1111A1C00001E7E9 /* Filters */,
				65BCA69D1111A1B30001E7E9 /* Selectors */,
				657B4D53110C7B9900747B38 /* DCXPathExecutor.h */,
				657B4D54110C7B9900747B38 /* DCXPathExecutor.m */,
			);
			name = XPath;
			sourceTree = "<group>";
		};
		657B4E02110DADE600747B38 /* XPath */ = {
			isa = PBXGroup;
			children = (
				657B48B21107D26500747B38 /* DCXPathExecutorTests.m */,
				65BCA6D21111A5C70001E7E9 /* Filters */,
				65BCA6D11111A5BF0001E7E9 /* Selectors */,
			);
			name = XPath;
			sourceTree = "<group>";
		};
		657B4E6D110DBABE00747B38 /* GHUnit */ = {
			isa = PBXGroup;
			children = (
				657B4E6E110DBAED00747B38 /* GHAsyncTestCase.h */,
				657B4E6F110DBAED00747B38 /* GHTest.h */,
				657B4E70110DBAED00747B38 /* GHTestCase.h */,
				657B4E71110DBAED00747B38 /* GHTestGroup.h */,
				657B4E72110DBAED00747B38 /* GHTesting.h */,
				657B4E73110DBAED00747B38 /* GHTestMacros.h */,
				657B4E74110DBAED00747B38 /* GHTestRunner.h */,
				657B4E75110DBAED00747B38 /* GHTestSuite.h */,
				657B4E76110DBAED00747B38 /* GHUnit.h */,
				657B4E77110DBAED00747B38 /* GHUnitIPhoneAppDelegate.h */,
				657B4E78110DBAED00747B38 /* GHUnitIPhoneTestMain.m */,
				657B4E79110DBAED00747B38 /* GHUNSObject+Swizzle.h */,
				657B4E7A110DBAED00747B38 /* libGHUnitIPhone3_0.a */,
				657B4E7B110DBAED00747B38 /* NSException+GHTestFailureExceptions.h */,
				657B4E7C110DBAED00747B38 /* NSValue+GHValueFormatter.h */,
			);
			name = GHUnit;
			sourceTree = "<group>";
		};
		65BCA69D1111A1B30001E7E9 /* Selectors */ = {
			isa = PBXGroup;
			children = (
				65B45CAD1110522E00CF9DF6 /* DCXPathAbstractSelector.h */,
				65B45CAE1110522E00CF9DF6 /* DCXPathAbstractSelector.m */,
				657B4EDE110EA8D000747B38 /* DCXPathElementSelector.h */,
				657B4EDF110EA8D000747B38 /* DCXPathElementSelector.m */,
				65EC66CC110FF3C8007B3B3E /* DCXPathIndexedSelector.h */,
				65EC66CD110FF3C8007B3B3E /* DCXPathIndexedSelector.m */,
				65EC679E111007A9007B3B3E /* DCXPathParentSelector.h */,
				65EC679F111007A9007B3B3E /* DCXPathParentSelector.m */,
				657B4E05110DAF5500747B38 /* DCXPathRootSelector.h */,
				657B4E06110DAF5500747B38 /* DCXPathRootSelector.m */,
				654CC690111ECEA2000209D8 /* DCXPathSubtreeSelector.h */,
				654CC691111ECEA2000209D8 /* DCXPathSubtreeSelector.m */,
			);
			name = Selectors;
			sourceTree = "<group>";
		};
		65BCA69F1111A1C00001E7E9 /* Filters */ = {
			isa = PBXGroup;
			children = (
				65EC684011104C71007B3B3E /* DCXPathFilter.h */,
				65B45D1D11105D7E00CF9DF6 /* DCXPathIndexFilter.h */,
				65B45D1E11105D7E00CF9DF6 /* DCXPathIndexFilter.m */,
				65FC2F8511183B6C00738879 /* DCXPathElementFilter.h */,
				65FC2F8611183B6C00738879 /* DCXPathElementFilter.m */,
			);
			name = Filters;
			sourceTree = "<group>";
		};
		65BCA6D11111A5BF0001E7E9 /* Selectors */ = {
			isa = PBXGroup;
			children = (
				65480AA111152A660094CD0B /* DCXPathAbstractSelectorTests.m */,
				65EC6589110F0984007B3B3E /* DCXPathElementSelectorTests.m */,
				65EC66D3110FF779007B3B3E /* DCXPathIndexedSelectorTests.m */,
				65EC67971110073F007B3B3E /* DCXPathParentSelectorTests.m */,
				657B4E36110DB72500747B38 /* DCXPathRootSelectorTests.m */,
				654CC699111ECFC1000209D8 /* DCXPathSubtreeSelectorTests.m */,
				65FC2D071115935200738879 /* DummyImplementations.h */,
				65FC2D081115935200738879 /* DummyImplementations.m */,
			);
			name = Selectors;
			sourceTree = "<group>";
		};
		65BCA6D21111A5C70001E7E9 /* Filters */ = {
			isa = PBXGroup;
			children = (
				65B45D3211105F3D00CF9DF6 /* DCXPathIndexFilterTests.m */,
				65FC2F8A11183E9F00738879 /* DCXPathElementFilterTests.m */,
			);
			name = Filters;
			sourceTree = "<group>";
		};
		65C4F65C10C891C9009DB40E /* Security */ = {
			isa = PBXGroup;
			children = (
				65C4F68210C8A1DE009DB40E /* DCNoSecurity.h */,
				65C4F68310C8A1DE009DB40E /* DCNoSecurity.m */,
				65C4F65F10C8923D009DB40E /* DCSecurity.h */,
				65C4F82D10C8DEC1009DB40E /* DCSecurity.m */,
				65C4F6E710C8B69E009DB40E /* DCUseridPasswordSecurity.h */,
				65C4F6E810C8B69E009DB40E /* DCUseridPasswordSecurity.m */,
			);
			name = Security;
			sourceTree = "<group>";
		};
		65C4F6B110C8B3B9009DB40E /* Security */ = {
			isa = PBXGroup;
			children = (
				65C4F6B410C8B3DB009DB40E /* DCSecurityTests.m */,
				65C4F71310C8B856009DB40E /* DCUseridPasswordSecurityTests.m */,
			);
			name = Security;
			sourceTree = "<group>";
		};
		65D0922510B913440061CC61 /* impl */ = {
			isa = PBXGroup;
			children = (
				657B4E01110DADD500747B38 /* XPath */,
				65D4ABCE10D5126F003E356D /* Document Model */,
				65D0951510BA435A0061CC61 /* dXml.h */,
				656049F111047D0400BE761F /* NSError+SoapFault.h */,
				656049F211047D0400BE761F /* NSError+SoapFault.m */,
				65C4F72010C8BA5F009DB40E /* NSObject+SoapTemplates.h */,
				65C4F72110C8BA5F009DB40E /* NSObject+SoapTemplates.m */,
				65C4F65C10C891C9009DB40E /* Security */,
				655E11D810CCCFEE00D8E6D1 /* DCUrlConnection+NSURLConnectionDelegate.h */,
				655E11D910CCCFEE00D8E6D1 /* DCUrlConnection+NSURLConnectionDelegate.m */,
				65BB81A910CC82D900959C05 /* DCUrlConnection.h */,
				65BB81AA10CC82D900959C05 /* DCUrlConnection.m */,
				65FC480E10BE2EA90094492E /* DCWebServiceResponse.h */,
				65FC480F10BE2EA90094492E /* DCWebServiceResponse.m */,
				65320BAD10BCF0230056BDDF /* DCXmlDocumentParserDelegate.h */,
				65320BAE10BCF0230056BDDF /* DCXmlDocumentParserDelegate.m */,
				65DAB53410B179CE00207E87 /* DCXmlSubtreeParserDelegate.h */,
				65DAB53510B179CE00207E87 /* DCXmlSubtreeParserDelegate.m */,
			);
			includeInIndex = 1;
			name = impl;
			sourceTree = "<group>";
			wrapsLines = 1;
		};
		65D0922A10B92B180061CC61 /* impl */ = {
			isa = PBXGroup;
			children = (
				657B4E02110DADE600747B38 /* XPath */,
				65320BB310BCF0FD0056BDDF /* Document Model */,
				65C4F6B110C8B3B9009DB40E /* Security */,
				655E147410CE06C500D8E6D1 /* DCUrlConnection+NSURLConnectionDelegateTests.m */,
				655E110010CCAFCC00D8E6D1 /* DCUrlConnectionTests.m */,
				65FC482010BE30850094492E /* DCWebServiceResponseTests.m */,
				65D0922D10B92B2E0061CC61 /* DCXmlDocumentParserDelegateTests.m */,
				65FC46D610BDF68E0094492E /* DCXmlSubtreeParserDelegateTests.m */,
				65CA5BC01105872D00BAB73A /* NSError+SoapFaultTests.m */,
				657B48F21107D76200747B38 /* TestHeaders.h */,
			);
			name = impl;
			sourceTree = "<group>";
		};
		65D4ABCE10D5126F003E356D /* Document Model */ = {
			isa = PBXGroup;
			children = (
				65D4ABD110D512C0003E356D /* DCDMNode.h */,
				65F07E4F10D5E7AE0057AD6C /* DCDMNode.m */,
				65894D1C10D515F500AF89C0 /* DCTextNode.h */,
				65894D1D10D515F500AF89C0 /* DCTextNode.m */,
				651607FE109A9D17002BE0D0 /* DCXmlAttribute.h */,
				651607FF109A9D17002BE0D0 /* DCXmlAttribute.m */,
				65160992109B0C8A002BE0D0 /* DCXmlDocument.h */,
				65160993109B0C8A002BE0D0 /* DCXmlDocument.m */,
				65F7480E10BB9B330030ABA4 /* DCXmlNamespace.h */,
				65F7480F10BB9B330030ABA4 /* DCXmlNamespace.m */,
				65894D3010D51A8D00AF89C0 /* DCXmlNode.h */,
				65894D3110D51A8D00AF89C0 /* DCXmlNode.m */,
				657B48B41107D2F600747B38 /* DCXmlNode+AsString.h */,
				657B48B51107D2F600747B38 /* DCXmlNode+AsString.m */,
			);
			name = "Document Model";
			sourceTree = "<group>";
		};
		65F460C810941073008AF68E /* Unit Tests */ = {
			isa = PBXGroup;
			children = (
				65D0922A10B92B180061CC61 /* impl */,
				6532522710BE4DFE00007475 /* DCSoapWebserviceConnectionTests.m */,
				650E72B510AADB7500CE8A8E /* DCXmlParserTests.m */,
			);
			name = "Unit Tests";
			path = src/tests;
			sourceTree = "<group>";
		};
/* End PBXGroup section */

/* Begin PBXHeadersBuildPhase section */
		D2AAC07A0554694100DB518D /* Headers */ = {
			isa = PBXHeadersBuildPhase;
			buildActionMask = 2147483647;
			files = (
				AA747D9F0F9514B9006C5449 /* dXml_Prefix.pch in Headers */,
				65F4613810941762008AF68E /* DCXmlParser.h in Headers */,
				65160801109A9D17002BE0D0 /* DCXmlAttribute.h in Headers */,
				65160995109B0C8A002BE0D0 /* DCXmlDocument.h in Headers */,
				65DAB53710B179CE00207E87 /* DCXmlSubtreeParserDelegate.h in Headers */,
				65D0951610BA435A0061CC61 /* dXml.h in Headers */,
				65F7481010BB9B330030ABA4 /* DCXmlNamespace.h in Headers */,
				65320BAF10BCF0230056BDDF /* DCXmlDocumentParserDelegate.h in Headers */,
				65FC480B10BE2C790094492E /* DCSoapWebServiceConnection.h in Headers */,
				65FC481010BE2EA90094492E /* DCWebServiceResponse.h in Headers */,
				65C4F66110C8923D009DB40E /* DCSecurity.h in Headers */,
				65C4F68410C8A1DE009DB40E /* DCNoSecurity.h in Headers */,
				65C4F72310C8BA5F009DB40E /* NSObject+SoapTemplates.h in Headers */,
				65BB81AC10CC82D900959C05 /* DCUrlConnection.h in Headers */,
				655E115010CCC55A00D8E6D1 /* DCUseridPasswordSecurity.h in Headers */,
				65D4ABD210D512C0003E356D /* DCDMNode.h in Headers */,
				65894D1E10D515F500AF89C0 /* DCTextNode.h in Headers */,
				65894D3210D51A8D00AF89C0 /* DCXmlNode.h in Headers */,
				65F07E2C10D5E6E30057AD6C /* DCUrlConnection+NSURLConnectionDelegate.h in Headers */,
				656049F411047D0400BE761F /* NSError+SoapFault.h in Headers */,
				657B48B71107D2F600747B38 /* DCXmlNode+AsString.h in Headers */,
				657B4D55110C7B9900747B38 /* DCXPathExecutor.h in Headers */,
				657B4E07110DAF5500747B38 /* DCXPathRootSelector.h in Headers */,
				657B4EE1110EA8D000747B38 /* DCXPathElementSelector.h in Headers */,
				65EC66CE110FF3C8007B3B3E /* DCXPathIndexedSelector.h in Headers */,
				65EC67A0111007A9007B3B3E /* DCXPathParentSelector.h in Headers */,
				65EC684111104C71007B3B3E /* DCXPathFilter.h in Headers */,
				65B45CAF1110522E00CF9DF6 /* DCXPathAbstractSelector.h in Headers */,
				65B45D2111105D7E00CF9DF6 /* DCXPathIndexFilter.h in Headers */,
				65FC2F8811183B6C00738879 /* DCXPathElementFilter.h in Headers */,
				65EEBEA5112D1730006FF783 /* DCXPathSubtreeSelector.h in Headers */,
			);
			runOnlyForDeploymentPostprocessing = 0;
		};
/* End PBXHeadersBuildPhase section */

/* Begin PBXNativeTarget section */
		654EE4B710FB638B0023F57D /* dXml Integration Tests */ = {
			isa = PBXNativeTarget;
			buildConfigurationList = 654EE4BD10FB638C0023F57D /* Build configuration list for PBXNativeTarget "dXml Integration Tests" */;
			buildPhases = (
				654EE4B510FB638B0023F57D /* Sources */,
				654EE4F010FB64EA0023F57D /* Copy OCMock into build */,
				654EE4B610FB638B0023F57D /* Frameworks */,
			);
			buildRules = (
			);
			dependencies = (
				654EE4BF10FB63CC0023F57D /* PBXTargetDependency */,
			);
			name = "dXml Integration Tests";
			productName = "dXml Integration Tests";
			productReference = 654EE4B810FB638B0023F57D /* dXml Integration Tests.app */;
			productType = "com.apple.product-type.application";
		};
		65E646E910955DD70055AA46 /* dXml Unit Tests */ = {
			isa = PBXNativeTarget;
			buildConfigurationList = 65E646EF10955DD80055AA46 /* Build configuration list for PBXNativeTarget "dXml Unit Tests" */;
			buildPhases = (
				65E646E710955DD70055AA46 /* Sources */,
				6506F85E10CE13260095E6D7 /* CopyFiles */,
				65E646E810955DD70055AA46 /* Frameworks */,
			);
			buildRules = (
			);
			dependencies = (
				65E646F110955DFF0055AA46 /* PBXTargetDependency */,
			);
			name = "dXml Unit Tests";
			productName = Tests;
			productReference = 65E646EA10955DD70055AA46 /* dXml Tests.app */;
			productType = "com.apple.product-type.application";
		};
		D2AAC07D0554694100DB518D /* dXml */ = {
			isa = PBXNativeTarget;
			buildConfigurationList = 1DEB921E08733DC00010E9CD /* Build configuration list for PBXNativeTarget "dXml" */;
			buildPhases = (
				D2AAC07A0554694100DB518D /* Headers */,
				D2AAC07B0554694100DB518D /* Sources */,
				D2AAC07C0554694100DB518D /* Frameworks */,
				659F701210F7029000822900 /* CopyFiles */,
			);
			buildRules = (
			);
			dependencies = (
			);
			name = dXml;
			productName = dXml;
			productReference = D2AAC07E0554694100DB518D /* lib_dXml.a */;
			productType = "com.apple.product-type.library.static";
		};
/* End PBXNativeTarget section */

/* Begin PBXProject section */
		0867D690FE84028FC02AAC07 /* Project object */ = {
			isa = PBXProject;
			buildConfigurationList = 1DEB922208733DC00010E9CD /* Build configuration list for PBXProject "dXml" */;
			compatibilityVersion = "Xcode 3.2";
			hasScannedForEncodings = 1;
			mainGroup = 0867D691FE84028FC02AAC07 /* dXml */;
			productRefGroup = 034768DFFF38A50411DB9C8B /* Products */;
			projectDirPath = "";
			projectRoot = "";
			targets = (
				D2AAC07D0554694100DB518D /* dXml */,
				65E646E910955DD70055AA46 /* dXml Unit Tests */,
				654EE4B710FB638B0023F57D /* dXml Integration Tests */,
				6527060011323092009615CB /* Generate API documentation */,
				659F701410F7038600822900 /* Create distribution file */,
			);
		};
/* End PBXProject section */

/* Begin PBXShellScriptBuildPhase section */
		652705FF11323092009615CB /* ShellScript */ = {
			isa = PBXShellScriptBuildPhase;
			buildActionMask = 2147483647;
			files = (
			);
			inputPaths = (
			);
			outputPaths = (
			);
			runOnlyForDeploymentPostprocessing = 0;
			shellPath = /bin/sh;
			shellScript = "#!/bin/sh\n\n# Run custom apple doc.\n/Users/$USER/projects/appledoc/build/Release/appledoc -p \"$PROJECT_NAME\" --input src/code --output \"$CONFIGURATION/v$CURRENT_PROJECT_VERSION/docs\" -t /Users/$USER/projects/appledoc/Templates -d /Users/$USER/tools/Doxygen.app/Contents/Resources/doxygen -c doxygen-appledoc.config --xhtml-bordered-issues --docset --docplist docset.plist\n\necho Fixing docset name ...\nrm -fr \"$PROJECT_DIR/$CONFIGURATION/v$CURRENT_PROJECT_VERSION\"/docs/au.com.dSoft.dXml.docset\nmv -vf \"$PROJECT_DIR/$CONFIGURATION/v$CURRENT_PROJECT_VERSION\"/docs/docset \"$PROJECT_DIR/$CONFIGURATION/v$CURRENT_PROJECT_VERSION\"/docs/au.com.dSoft.dXml.docset\n\necho Copying HTML documentation to dXml-website ...\ncp -vfR \"$PROJECT_DIR/$CONFIGURATION/v$CURRENT_PROJECT_VERSION\"/docs/cxhtml/ $PROJECT_DIR/../dXml-website/api \n\necho Moving unused directories ...\nrm -fr $PROJECT_DIR/build/docs\nmv -vf \"$PROJECT_DIR/$CONFIGURATION/v$CURRENT_PROJECT_VERSION\"/docs/cxml $PROJECT_DIR/build/docs\n\nexit 0";
		};
		659F701310F7038600822900 /* ShellScript */ = {
			isa = PBXShellScriptBuildPhase;
			buildActionMask = 12;
			files = (
			);
			inputPaths = (
			);
			outputPaths = (
			);
			runOnlyForDeploymentPostprocessing = 0;
			shellPath = /bin/sh;
			shellScript = "#!/bin/sh\necho Copying additional files ...\ncp -v installDocSet \"$PROJECT_DIR/$CONFIGURATION/v$CURRENT_PROJECT_VERSION\"\n\necho Building dmg of project ...\n\nFILE_DIR=\"$PROJECT_DIR/$CONFIGURATION/v$CURRENT_PROJECT_VERSION\"\nFINAL_DMG=\"$PROJECT_DIR/$CONFIGURATION/$PROJECT-$CURRENT_PROJECT_VERSION.dmg\"\n\nhdiutil create \"$FINAL_DMG\" -ov -srcdir $FILE_DIR -volname \"$PROJECT_NAME v$CURRENT_PROJECT_VERSION\" -attach\n\necho done.";
		};
/* End PBXShellScriptBuildPhase section */

/* Begin PBXSourcesBuildPhase section */
		654EE4B510FB638B0023F57D /* Sources */ = {
			isa = PBXSourcesBuildPhase;
			buildActionMask = 2147483647;
			files = (
				654EE4FB10FB671B0023F57D /* DCUrlConnectionIntegrationTests.m in Sources */,
				654EE4FC10FB67240023F57D /* DCSoapWebserviceIntegrationTests.m in Sources */,
				654EE4FD10FB678E0023F57D /* DCDMNode.m in Sources */,
				654EE4FE10FB678E0023F57D /* DCTextNode.m in Sources */,
				654EE4FF10FB678E0023F57D /* DCXmlAttribute.m in Sources */,
				654EE50010FB678E0023F57D /* DCXmlDocument.m in Sources */,
				654EE50110FB678E0023F57D /* DCXmlNamespace.m in Sources */,
				654EE50210FB678E0023F57D /* DCXmlNode.m in Sources */,
				654EE50310FB678E0023F57D /* NSObject+SoapTemplates.m in Sources */,
				654EE50410FB678E0023F57D /* DCNoSecurity.m in Sources */,
				654EE50510FB678E0023F57D /* DCSecurity.m in Sources */,
				654EE50610FB678E0023F57D /* DCUseridPasswordSecurity.m in Sources */,
				654EE50710FB678E0023F57D /* DCUrlConnection+NSURLConnectionDelegate.m in Sources */,
				654EE50810FB678E0023F57D /* DCUrlConnection.m in Sources */,
				654EE50C10FB678E0023F57D /* DCWebServiceResponse.m in Sources */,
				654EE50D10FB678E0023F57D /* DCXmlDocumentParserDelegate.m in Sources */,
				654EE50F10FB678E0023F57D /* DCXmlSubtreeParserDelegate.m in Sources */,
				654EE51010FB678E0023F57D /* DCSoapWebServiceConnection.m in Sources */,
				654EE51110FB678E0023F57D /* DCXmlParser.m in Sources */,
				656049F611047D0400BE761F /* NSError+SoapFault.m in Sources */,
				657B48B91107D2F600747B38 /* DCXmlNode+AsString.m in Sources */,
				657B4AA61109627100747B38 /* InternetTests.m in Sources */,
				657B4D71110C809C00747B38 /* DCXPathExecutor.m in Sources */,
				657B4E3A110DB73100747B38 /* DCXPathRootSelector.m in Sources */,
				657B4E8E110DBAEE00747B38 /* GHUnitIPhoneTestMain.m in Sources */,
				657B4EE3110EA8D000747B38 /* DCXPathElementSelector.m in Sources */,
				65EC66D0110FF3C8007B3B3E /* DCXPathIndexedSelector.m in Sources */,
				65EC67A2111007A9007B3B3E /* DCXPathParentSelector.m in Sources */,
				65B45CB21110522E00CF9DF6 /* DCXPathAbstractSelector.m in Sources */,
				65B45D1F11105D7E00CF9DF6 /* DCXPathIndexFilter.m in Sources */,
				65FC2FF01118499600738879 /* DCXPathElementFilter.m in Sources */,
				654CC708111EF863000209D8 /* DCXPathSubtreeSelector.m in Sources */,
			);
			runOnlyForDeploymentPostprocessing = 0;
		};
		65E646E710955DD70055AA46 /* Sources */ = {
			isa = PBXSourcesBuildPhase;
			buildActionMask = 2147483647;
			files = (
				65E6488D1095B7A40055AA46 /* DCXmlNodeTests.m in Sources */,
				6516081A109AA0FF002BE0D0 /* DCXmlAttributeTests.m in Sources */,
				650E72B610AADB7500CE8A8E /* DCXmlParserTests.m in Sources */,
				65D0923010B92B2E0061CC61 /* DCXmlDocumentParserDelegateTests.m in Sources */,
				65FC46D810BDF68E0094492E /* DCXmlSubtreeParserDelegateTests.m in Sources */,
				65FC482110BE30850094492E /* DCWebServiceResponseTests.m in Sources */,
				6532522810BE4DFE00007475 /* DCSoapWebserviceConnectionTests.m in Sources */,
				65C4F6B510C8B3DB009DB40E /* DCSecurityTests.m in Sources */,
				65C4F71410C8B856009DB40E /* DCUseridPasswordSecurityTests.m in Sources */,
				655E114D10CCC52B00D8E6D1 /* DCUrlConnectionTests.m in Sources */,
				655E147510CE06C500D8E6D1 /* DCUrlConnection+NSURLConnectionDelegateTests.m in Sources */,
				6568477B10D669080031C348 /* DCTextNodeTests.m in Sources */,
				6568478D10D66A6D0031C348 /* DCXmlNamespaceTests.m in Sources */,
				6568497310D73EA60031C348 /* DCUrlConnection+NSURLConnectionDelegate.m in Sources */,
				6568497510D73EA70031C348 /* DCSecurity.m in Sources */,
				6568497710D73EA90031C348 /* DCTextNode.m in Sources */,
				6568497810D73EA90031C348 /* DCXmlParser.m in Sources */,
				6568497910D73EAA0031C348 /* DCWebServiceResponse.m in Sources */,
				6568497A10D73EAA0031C348 /* DCUrlConnection.m in Sources */,
				6568497B10D73EAB0031C348 /* DCXmlNamespace.m in Sources */,
				6568497C10D73EAD0031C348 /* DCUseridPasswordSecurity.m in Sources */,
				6568497D10D73EAD0031C348 /* NSObject+SoapTemplates.m in Sources */,
				6568497E10D73EAE0031C348 /* DCXmlDocumentParserDelegate.m in Sources */,
				6568497F10D73EAE0031C348 /* DCXmlAttribute.m in Sources */,
				6568498010D73EAF0031C348 /* DCXmlNode.m in Sources */,
				6568498110D73EB00031C348 /* DCNoSecurity.m in Sources */,
				6568498310D73EB20031C348 /* DCSoapWebServiceConnection.m in Sources */,
				6568498410D73EB30031C348 /* DCXmlDocument.m in Sources */,
				6568498510D73EB40031C348 /* DCXmlSubtreeParserDelegate.m in Sources */,
				656049F311047D0400BE761F /* NSError+SoapFault.m in Sources */,
				65CA5BC11105872D00BAB73A /* NSError+SoapFaultTests.m in Sources */,
				657B48B31107D26500747B38 /* DCXPathExecutorTests.m in Sources */,
				657B48B61107D2F600747B38 /* DCXmlNode+AsString.m in Sources */,
				657B48BF1107D51B00747B38 /* DCXmlNode+AsStringTests.m in Sources */,
				657B4D70110C809000747B38 /* DCXPathExecutor.m in Sources */,
				657B4E37110DB72500747B38 /* DCXPathRootSelectorTests.m in Sources */,
				657B4E39110DB72A00747B38 /* DCXPathRootSelector.m in Sources */,
				657B4E7D110DBAED00747B38 /* GHUnitIPhoneTestMain.m in Sources */,
				657B4EB4110DBBC600747B38 /* DCDMNode.m in Sources */,
				657B4EE0110EA8D000747B38 /* DCXPathElementSelector.m in Sources */,
				65EC658A110F0984007B3B3E /* DCXPathElementSelectorTests.m in Sources */,
				65EC66D1110FF3C8007B3B3E /* DCXPathIndexedSelector.m in Sources */,
				65EC66D7110FF779007B3B3E /* DCXPathIndexedSelectorTests.m in Sources */,
				65EC679A1110073F007B3B3E /* DCXPathParentSelectorTests.m in Sources */,
				65EC67A3111007A9007B3B3E /* DCXPathParentSelector.m in Sources */,
				65B45CB11110522E00CF9DF6 /* DCXPathAbstractSelector.m in Sources */,
				65B45D2011105D7E00CF9DF6 /* DCXPathIndexFilter.m in Sources */,
				65B45D3411105F5300CF9DF6 /* DCXPathIndexFilterTests.m in Sources */,
				65480AA211152A660094CD0B /* DCXPathAbstractSelectorTests.m in Sources */,
				65FC2D091115935200738879 /* DummyImplementations.m in Sources */,
				65FC2F8711183B6C00738879 /* DCXPathElementFilter.m in Sources */,
				65FC2F8B11183E9F00738879 /* DCXPathElementFilterTests.m in Sources */,
				654CC692111ECEA2000209D8 /* DCXPathSubtreeSelector.m in Sources */,
				654CC69A111ECFC1000209D8 /* DCXPathSubtreeSelectorTests.m in Sources */,
			);
			runOnlyForDeploymentPostprocessing = 0;
		};
		D2AAC07B0554694100DB518D /* Sources */ = {
			isa = PBXSourcesBuildPhase;
			buildActionMask = 2147483647;
			files = (
				65F4613B10941768008AF68E /* DCXmlParser.m in Sources */,
				65160802109A9D17002BE0D0 /* DCXmlAttribute.m in Sources */,
				65160996109B0C8A002BE0D0 /* DCXmlDocument.m in Sources */,
				65DAB53810B179CE00207E87 /* DCXmlSubtreeParserDelegate.m in Sources */,
				65F7481110BB9B330030ABA4 /* DCXmlNamespace.m in Sources */,
				65320BB010BCF0230056BDDF /* DCXmlDocumentParserDelegate.m in Sources */,
				65FC480C10BE2C790094492E /* DCSoapWebServiceConnection.m in Sources */,
				65FC481110BE2EA90094492E /* DCWebServiceResponse.m in Sources */,
				65C4F68510C8A1DE009DB40E /* DCNoSecurity.m in Sources */,
				65C4F72410C8BA5F009DB40E /* NSObject+SoapTemplates.m in Sources */,
				65C4F82E10C8DEC1009DB40E /* DCSecurity.m in Sources */,
				65BB81AD10CC82D900959C05 /* DCUrlConnection.m in Sources */,
				655E114F10CCC55A00D8E6D1 /* DCUseridPasswordSecurity.m in Sources */,
				65894D1F10D515F500AF89C0 /* DCTextNode.m in Sources */,
				65894D3310D51A8D00AF89C0 /* DCXmlNode.m in Sources */,
				65F07E5010D5E7AE0057AD6C /* DCDMNode.m in Sources */,
				656049F511047D0400BE761F /* NSError+SoapFault.m in Sources */,
				657B48B81107D2F600747B38 /* DCXmlNode+AsString.m in Sources */,
				657B4D56110C7B9900747B38 /* DCXPathExecutor.m in Sources */,
				657B4E08110DAF5500747B38 /* DCXPathRootSelector.m in Sources */,
				657B4EE2110EA8D000747B38 /* DCXPathElementSelector.m in Sources */,
				65EC66CF110FF3C8007B3B3E /* DCXPathIndexedSelector.m in Sources */,
				65EC67A1111007A9007B3B3E /* DCXPathParentSelector.m in Sources */,
				65B45CB01110522E00CF9DF6 /* DCXPathAbstractSelector.m in Sources */,
				65B45D2211105D7E00CF9DF6 /* DCXPathIndexFilter.m in Sources */,
				65FC2F8911183B6C00738879 /* DCXPathElementFilter.m in Sources */,
				65EEBEA6112D1731006FF783 /* DCXPathSubtreeSelector.m in Sources */,
				65EEBEA7112D175E006FF783 /* DCUrlConnection+NSURLConnectionDelegate.m in Sources */,
			);
			runOnlyForDeploymentPostprocessing = 0;
		};
/* End PBXSourcesBuildPhase section */

/* Begin PBXTargetDependency section */
		6527061111323358009615CB /* PBXTargetDependency */ = {
			isa = PBXTargetDependency;
			target = 65E646E910955DD70055AA46 /* dXml Unit Tests */;
			targetProxy = 6527061011323358009615CB /* PBXContainerItemProxy */;
		};
		652706131132336B009615CB /* PBXTargetDependency */ = {
			isa = PBXTargetDependency;
			target = 6527060011323092009615CB /* Generate API documentation */;
			targetProxy = 652706121132336B009615CB /* PBXContainerItemProxy */;
		};
		654EE4BF10FB63CC0023F57D /* PBXTargetDependency */ = {
			isa = PBXTargetDependency;
			target = D2AAC07D0554694100DB518D /* dXml */;
			targetProxy = 654EE4BE10FB63CC0023F57D /* PBXContainerItemProxy */;
		};
		65E646F110955DFF0055AA46 /* PBXTargetDependency */ = {
			isa = PBXTargetDependency;
			target = D2AAC07D0554694100DB518D /* dXml */;
			targetProxy = 65E646F010955DFF0055AA46 /* PBXContainerItemProxy */;
		};
/* End PBXTargetDependency section */

/* Begin XCBuildConfiguration section */
		1DEB921F08733DC00010E9CD /* Debug */ = {
			isa = XCBuildConfiguration;
			buildSettings = {
				ALWAYS_SEARCH_USER_PATHS = NO;
				ARCHS = "$(ARCHS_STANDARD_32_BIT)";
				BUILD_STYLE = Debug;
				COPY_PHASE_STRIP = NO;
				DEPLOYMENT_LOCATION = YES;
				DEPLOYMENT_POSTPROCESSING = YES;
				DSTROOT = "$(CONFIGURATION)";
				EXECUTABLE_PREFIX = lib_;
				GCC_DYNAMIC_NO_PIC = NO;
				GCC_ENABLE_FIX_AND_CONTINUE = YES;
				GCC_OPTIMIZATION_LEVEL = 0;
				GCC_PRECOMPILE_PREFIX_HEADER = YES;
				GCC_PREFIX_HEADER = dXml_Prefix.pch;
				INSTALL_PATH = "/v$(CURRENT_PROJECT_VERSION)";
				PRODUCT_NAME = dXml;
			};
			name = Debug;
		};
		1DEB922008733DC00010E9CD /* Release */ = {
			isa = XCBuildConfiguration;
			buildSettings = {
				ALWAYS_SEARCH_USER_PATHS = NO;
				ARCHS = "$(ARCHS_STANDARD_32_BIT)";
				BUILD_STYLE = Release;
				DEPLOYMENT_LOCATION = YES;
				DEPLOYMENT_POSTPROCESSING = YES;
				DSTROOT = "$(CONFIGURATION)";
				EXECUTABLE_PREFIX = lib_;
				GCC_PRECOMPILE_PREFIX_HEADER = YES;
				GCC_PREFIX_HEADER = dXml_Prefix.pch;
				INSTALL_PATH = "/v$(CURRENT_PROJECT_VERSION)";
				PRODUCT_NAME = dXml;
				PUBLIC_HEADERS_FOLDER_PATH = "/v$(CURRENT_PROJECT_VERSION)";
			};
			name = Release;
		};
		1DEB922308733DC00010E9CD /* Debug */ = {
			isa = XCBuildConfiguration;
			buildSettings = {
				ARCHS = "$(ARCHS_UNIVERSAL_IPHONE_OS)";
				BUILD_STYLE = Debug;
				CURRENT_PROJECT_VERSION = 0.1.1;
				DEPLOYMENT_LOCATION = NO;
				GCC_C_LANGUAGE_STANDARD = c99;
				GCC_OPTIMIZATION_LEVEL = 0;
				GCC_PREPROCESSOR_DEFINITIONS = (
					DHC_LOG_DEALLOCS,
					DHC_DEBUG,
				);
				GCC_TREAT_IMPLICIT_FUNCTION_DECLARATIONS_AS_ERRORS = YES;
				GCC_TREAT_WARNINGS_AS_ERRORS = YES;
				GCC_WARN_ABOUT_MISSING_PROTOTYPES = YES;
				GCC_WARN_ABOUT_RETURN_TYPE = YES;
				GCC_WARN_CHECK_SWITCH_STATEMENTS = YES;
				GCC_WARN_MISSING_PARENTHESES = YES;
				GCC_WARN_MULTIPLE_DEFINITION_TYPES_FOR_SELECTOR = NO;
				GCC_WARN_SHADOW = YES;
				GCC_WARN_UNDECLARED_SELECTOR = YES;
				GCC_WARN_UNUSED_VALUE = YES;
				GCC_WARN_UNUSED_VARIABLE = YES;
				OTHER_LDFLAGS = "-ObjC";
				PREBINDING = NO;
				RUN_CLANG_STATIC_ANALYZER = YES;
				SDKROOT = iphonesimulator3.1.3;
			};
			name = Debug;
		};
		1DEB922408733DC00010E9CD /* Release */ = {
			isa = XCBuildConfiguration;
			buildSettings = {
				ARCHS = "$(ARCHS_UNIVERSAL_IPHONE_OS)";
				BUILD_STYLE = Release;
				CURRENT_PROJECT_VERSION = 0.1.2;
				DEPLOYMENT_LOCATION = NO;
				DEPLOYMENT_POSTPROCESSING = NO;
				GCC_C_LANGUAGE_STANDARD = c99;
				GCC_TREAT_IMPLICIT_FUNCTION_DECLARATIONS_AS_ERRORS = YES;
				GCC_TREAT_WARNINGS_AS_ERRORS = YES;
				GCC_WARN_ABOUT_MISSING_PROTOTYPES = YES;
				GCC_WARN_ABOUT_RETURN_TYPE = YES;
				GCC_WARN_CHECK_SWITCH_STATEMENTS = YES;
				GCC_WARN_MISSING_PARENTHESES = YES;
				GCC_WARN_MULTIPLE_DEFINITION_TYPES_FOR_SELECTOR = NO;
				GCC_WARN_SHADOW = YES;
				GCC_WARN_UNDECLARED_SELECTOR = YES;
				GCC_WARN_UNUSED_VALUE = YES;
				GCC_WARN_UNUSED_VARIABLE = YES;
				OTHER_LDFLAGS = "-ObjC";
				PREBINDING = NO;
				RUN_CLANG_STATIC_ANALYZER = YES;
				SDKROOT = iphonesimulator3.1.3;
			};
			name = Release;
		};
		6527060111323092009615CB /* Debug */ = {
			isa = XCBuildConfiguration;
			buildSettings = {
				BUILD_STYLE = Debug;
				COPY_PHASE_STRIP = NO;
				GCC_DYNAMIC_NO_PIC = NO;
				GCC_OPTIMIZATION_LEVEL = 0;
				PRODUCT_NAME = "Generate API";
			};
			name = Debug;
		};
		6527060211323092009615CB /* Release */ = {
			isa = XCBuildConfiguration;
			buildSettings = {
				BUILD_STYLE = Release;
				COPY_PHASE_STRIP = YES;
				DEBUG_INFORMATION_FORMAT = "dwarf-with-dsym";
				GCC_ENABLE_FIX_AND_CONTINUE = NO;
				PRODUCT_NAME = "Generate API";
				ZERO_LINK = NO;
			};
			name = Release;
		};
		654EE4BB10FB638C0023F57D /* Debug */ = {
			isa = XCBuildConfiguration;
			buildSettings = {
				ALWAYS_SEARCH_USER_PATHS = NO;
				BUILD_STYLE = Debug;
				CODE_SIGN_IDENTITY = "iPhone Developer";
				COPY_PHASE_STRIP = NO;
				FRAMEWORK_SEARCH_PATHS = (
					"$(inherited)",
					"\"$(SRCROOT)/../../tools/OCMock 1.55\"",
				);
				GCC_DYNAMIC_NO_PIC = NO;
				GCC_OPTIMIZATION_LEVEL = 0;
				GCC_PRECOMPILE_PREFIX_HEADER = YES;
				GCC_PREFIX_HEADER = "$(SYSTEM_LIBRARY_DIR)/Frameworks/UIKit.framework/Headers/UIKit.h";
				INFOPLIST_FILE = "tests-Info.plist";
				INSTALL_PATH = "$(HOME)/Applications";
				LIBRARY_SEARCH_PATHS = (
					"$(inherited)",
					"\"$(SRCROOT)/../../tools/libGHUnitIPhone3_0-0\"",
					"\"$(SRCROOT)/../../tools/libGHUnitIPhone3_0-0.4.18\"",
				);
				OTHER_LDFLAGS = (
					"-ObjC",
					"-framework",
					Foundation,
					"-framework",
					UIKit,
				);
				PREBINDING = NO;
				PRODUCT_NAME = "dXml Integration Tests";
				SDKROOT = iphonesimulator3.1.3;
			};
			name = Debug;
		};
		654EE4BC10FB638C0023F57D /* Release */ = {
			isa = XCBuildConfiguration;
			buildSettings = {
				ALWAYS_SEARCH_USER_PATHS = NO;
				BUILD_STYLE = Release;
				CODE_SIGN_IDENTITY = "iPhone Developer";
				COPY_PHASE_STRIP = YES;
				FRAMEWORK_SEARCH_PATHS = (
					"$(inherited)",
					"\"$(SRCROOT)/../../tools/OCMock 1.55\"",
				);
				GCC_ENABLE_FIX_AND_CONTINUE = NO;
				GCC_PRECOMPILE_PREFIX_HEADER = YES;
				GCC_PREFIX_HEADER = "$(SYSTEM_LIBRARY_DIR)/Frameworks/UIKit.framework/Headers/UIKit.h";
				INFOPLIST_FILE = "tests-Info.plist";
				INSTALL_PATH = "$(HOME)/Applications";
				LIBRARY_SEARCH_PATHS = (
					"$(inherited)",
					"\"$(SRCROOT)/../../tools/libGHUnitIPhone3_0-0\"",
					"\"$(SRCROOT)/../../tools/libGHUnitIPhone3_0-0.4.18\"",
				);
				OTHER_LDFLAGS = (
					"-ObjC",
					"-framework",
					Foundation,
					"-framework",
					UIKit,
				);
				PREBINDING = NO;
				PRODUCT_NAME = "dXml Integration Tests";
				SDKROOT = iphonesimulator3.1.3;
				ZERO_LINK = NO;
			};
			name = Release;
		};
		659F701510F7038600822900 /* Debug */ = {
			isa = XCBuildConfiguration;
			buildSettings = {
				BUILD_STYLE = Debug;
				COPY_PHASE_STRIP = NO;
				GCC_DYNAMIC_NO_PIC = NO;
				GCC_OPTIMIZATION_LEVEL = 0;
				PRODUCT_NAME = "Dmg results";
			};
			name = Debug;
		};
		659F701610F7038600822900 /* Release */ = {
			isa = XCBuildConfiguration;
			buildSettings = {
				BUILD_STYLE = Release;
				COPY_PHASE_STRIP = YES;
				DEBUG_INFORMATION_FORMAT = "dwarf-with-dsym";
				GCC_ENABLE_FIX_AND_CONTINUE = NO;
				PRODUCT_NAME = "Dmg results";
				ZERO_LINK = NO;
			};
			name = Release;
		};
		65E646ED10955DD80055AA46 /* Debug */ = {
			isa = XCBuildConfiguration;
			buildSettings = {
				ALWAYS_SEARCH_USER_PATHS = NO;
				BUILD_STYLE = Debug;
				CODE_SIGN_IDENTITY = "iPhone Developer";
				CONFIGURATION_BUILD_DIR = "$(PROJECT_TEMP_DIR)/$(CONFIGURATION)$(EFFECTIVE_PLATFORM_NAME)";
				COPY_PHASE_STRIP = NO;
				FRAMEWORK_SEARCH_PATHS = (
					"$(inherited)",
					"\"$(SRCROOT)/../../tools/OCMock 1.55\"",
					"\"$(SRCROOT)/../../tools/OCMock 1.55/Source/ocmock-1.55/Frameworks\"",
				);
				GCC_DYNAMIC_NO_PIC = NO;
				GCC_OPTIMIZATION_LEVEL = 0;
				GCC_PRECOMPILE_PREFIX_HEADER = YES;
				INFOPLIST_FILE = "Tests-Info.plist";
				LIBRARY_SEARCH_PATHS = (
					"$(inherited)",
					"\"$(SRCROOT)/../../tools/OCMock 1.55/Source/ocmock-1.55/build/Debug\"",
					"\"$(SRCROOT)/../../tools/OCMock 1.55/Source/ocmock-1.55/build/Release\"",
					"\"$(SRCROOT)/../../tools/OCMock 1.55/Source/ocmock-1.55/build/Release-iphonesimulator\"",
					"\"$(SRCROOT)/../../tools/libGHUnitIPhone3_0-0.4.18\"",
				);
				PRODUCT_NAME = "dXml Tests";
			};
			name = Debug;
		};
		65E646EE10955DD80055AA46 /* Release */ = {
			isa = XCBuildConfiguration;
			buildSettings = {
				ALWAYS_SEARCH_USER_PATHS = NO;
				BUILD_STYLE = Release;
				CODE_SIGN_IDENTITY = "iPhone Developer";
				CONFIGURATION_BUILD_DIR = "$(PROJECT_TEMP_DIR)/$(CONFIGURATION)$(EFFECTIVE_PLATFORM_NAME)";
				COPY_PHASE_STRIP = YES;
				DEBUG_INFORMATION_FORMAT = "dwarf-with-dsym";
				FRAMEWORK_SEARCH_PATHS = (
					"$(inherited)",
					"\"$(SRCROOT)/../../tools/OCMock 1.55\"",
					"\"$(SRCROOT)/../../tools/OCMock 1.55/Source/ocmock-1.55/Frameworks\"",
				);
				GCC_ENABLE_FIX_AND_CONTINUE = NO;
				GCC_PRECOMPILE_PREFIX_HEADER = YES;
				INFOPLIST_FILE = "Tests-Info.plist";
				LIBRARY_SEARCH_PATHS = (
					"$(inherited)",
					"\"$(SRCROOT)/../../tools/OCMock 1.55/Source/ocmock-1.55/build/Debug\"",
					"\"$(SRCROOT)/../../tools/OCMock 1.55/Source/ocmock-1.55/build/Release\"",
					"\"$(SRCROOT)/../../tools/OCMock 1.55/Source/ocmock-1.55/build/Release-iphonesimulator\"",
					"\"$(SRCROOT)/../../tools/libGHUnitIPhone3_0-0.4.18\"",
				);
				PRODUCT_NAME = "dXml Tests";
				ZERO_LINK = NO;
			};
			name = Release;
		};
/* End XCBuildConfiguration section */

/* Begin XCConfigurationList section */
		1DEB921E08733DC00010E9CD /* Build configuration list for PBXNativeTarget "dXml" */ = {
			isa = XCConfigurationList;
			buildConfigurations = (
				1DEB921F08733DC00010E9CD /* Debug */,
				1DEB922008733DC00010E9CD /* Release */,
			);
			defaultConfigurationIsVisible = 0;
			defaultConfigurationName = Release;
		};
		1DEB922208733DC00010E9CD /* Build configuration list for PBXProject "dXml" */ = {
			isa = XCConfigurationList;
			buildConfigurations = (
				1DEB922308733DC00010E9CD /* Debug */,
				1DEB922408733DC00010E9CD /* Release */,
			);
			defaultConfigurationIsVisible = 0;
			defaultConfigurationName = Release;
		};
		65270603113230B0009615CB /* Build configuration list for PBXAggregateTarget "Generate API documentation" */ = {
			isa = XCConfigurationList;
			buildConfigurations = (
				6527060111323092009615CB /* Debug */,
				6527060211323092009615CB /* Release */,
			);
			defaultConfigurationIsVisible = 0;
			defaultConfigurationName = Release;
		};
		654EE4BD10FB638C0023F57D /* Build configuration list for PBXNativeTarget "dXml Integration Tests" */ = {
			isa = XCConfigurationList;
			buildConfigurations = (
				654EE4BB10FB638C0023F57D /* Debug */,
				654EE4BC10FB638C0023F57D /* Release */,
			);
			defaultConfigurationIsVisible = 0;
			defaultConfigurationName = Release;
		};
		659F701710F703A500822900 /* Build configuration list for PBXAggregateTarget "Create distribution file" */ = {
			isa = XCConfigurationList;
			buildConfigurations = (
				659F701510F7038600822900 /* Debug */,
				659F701610F7038600822900 /* Release */,
			);
			defaultConfigurationIsVisible = 0;
			defaultConfigurationName = Release;
		};
		65E646EF10955DD80055AA46 /* Build configuration list for PBXNativeTarget "dXml Unit Tests" */ = {
			isa = XCConfigurationList;
			buildConfigurations = (
				65E646ED10955DD80055AA46 /* Debug */,
				65E646EE10955DD80055AA46 /* Release */,
			);
			defaultConfigurationIsVisible = 0;
			defaultConfigurationName = Release;
		};
/* End XCConfigurationList section */
	};
	rootObject = 0867D690FE84028FC02AAC07 /* Project object */;
}
